// !$*UTF8*$!
{
	archiveVersion = 1;
	classes = {
	};
	objectVersion = 46;
	objects = {

/* Begin PBXBuildFile section */
		8555A62F1CFB2DB7001E37D8 /* main.m in Sources */ = {isa = PBXBuildFile; fileRef = 8555A62E1CFB2DB7001E37D8 /* main.m */; };
		8555A6301CFB2DE7001E37D8 /* IDPApplication.c in Sources */ = {isa = PBXBuildFile; fileRef = 8555A5A81CFB2DAB001E37D8 /* IDPApplication.c */; };
		8555A6311CFB2E46001E37D8 /* IDPApplication.h in Sources */ = {isa = PBXBuildFile; fileRef = 8555A5A91CFB2DAB001E37D8 /* IDPApplication.h */; };
		8555A6321CFB2E46001E37D8 /* IDPBasicMathOperations.c in Sources */ = {isa = PBXBuildFile; fileRef = 8555A5AB1CFB2DAB001E37D8 /* IDPBasicMathOperations.c */; };
		8555A6331CFB2E46001E37D8 /* IDPBasicMathOperations.h in Sources */ = {isa = PBXBuildFile; fileRef = 8555A5AC1CFB2DAB001E37D8 /* IDPBasicMathOperations.h */; };
		8555A6341CFB2E46001E37D8 /* IDPBitOutput.c in Sources */ = {isa = PBXBuildFile; fileRef = 8555A5AE1CFB2DAB001E37D8 /* IDPBitOutput.c */; };
		8555A6351CFB2E46001E37D8 /* IDPBitOutput.h in Sources */ = {isa = PBXBuildFile; fileRef = 8555A5AF1CFB2DAB001E37D8 /* IDPBitOutput.h */; };
		8555A6361CFB2E46001E37D8 /* IDPBranchingAndStates.c in Sources */ = {isa = PBXBuildFile; fileRef = 8555A5B11CFB2DAB001E37D8 /* IDPBranchingAndStates.c */; };
		8555A6371CFB2E46001E37D8 /* IDPBranchingAndStates.h in Sources */ = {isa = PBXBuildFile; fileRef = 8555A5B21CFB2DAB001E37D8 /* IDPBranchingAndStates.h */; };
		8555A6381CFB2E46001E37D8 /* IDPCycles.c in Sources */ = {isa = PBXBuildFile; fileRef = 8555A5B41CFB2DAB001E37D8 /* IDPCycles.c */; };
		8555A6391CFB2E46001E37D8 /* IDPCycles.h in Sources */ = {isa = PBXBuildFile; fileRef = 8555A5B51CFB2DAB001E37D8 /* IDPCycles.h */; };
		8555A63A1CFB2E46001E37D8 /* IDPGenericList.c in Sources */ = {isa = PBXBuildFile; fileRef = 8555A5B71CFB2DAB001E37D8 /* IDPGenericList.c */; };
		8555A63B1CFB2E46001E37D8 /* IDPGenericList.h in Sources */ = {isa = PBXBuildFile; fileRef = 8555A5B81CFB2DAB001E37D8 /* IDPGenericList.h */; };
		8555A63C1CFB2E46001E37D8 /* IDPPrintReversed.c in Sources */ = {isa = PBXBuildFile; fileRef = 8555A5B91CFB2DAB001E37D8 /* IDPPrintReversed.c */; };
		8555A63D1CFB2E46001E37D8 /* IDPPrintReversed.h in Sources */ = {isa = PBXBuildFile; fileRef = 8555A5BA1CFB2DAB001E37D8 /* IDPPrintReversed.h */; };
		8555A63E1CFB2E47001E37D8 /* IDPArray.c in Sources */ = {isa = PBXBuildFile; fileRef = 8555A5BD1CFB2DAB001E37D8 /* IDPArray.c */; };
		8555A63F1CFB2E47001E37D8 /* IDPArray.h in Sources */ = {isa = PBXBuildFile; fileRef = 8555A5BE1CFB2DAB001E37D8 /* IDPArray.h */; };
		8555A6401CFB2E47001E37D8 /* IDPAutoreleasingPool.c in Sources */ = {isa = PBXBuildFile; fileRef = 8555A5C01CFB2DAB001E37D8 /* IDPAutoreleasingPool.c */; };
		8555A6411CFB2E47001E37D8 /* IDPAutoreleasingPool.h in Sources */ = {isa = PBXBuildFile; fileRef = 8555A5C11CFB2DAB001E37D8 /* IDPAutoreleasingPool.h */; };
		8555A6421CFB2E47001E37D8 /* IDPAutoreleasingStack.c in Sources */ = {isa = PBXBuildFile; fileRef = 8555A5C31CFB2DAB001E37D8 /* IDPAutoreleasingStack.c */; };
		8555A6431CFB2E47001E37D8 /* IDPAutoreleasingStack.h in Sources */ = {isa = PBXBuildFile; fileRef = 8555A5C41CFB2DAB001E37D8 /* IDPAutoreleasingStack.h */; };
		8555A6441CFB2E47001E37D8 /* IDPAutoreleasingStackPrivate.h in Sources */ = {isa = PBXBuildFile; fileRef = 8555A5C51CFB2DAB001E37D8 /* IDPAutoreleasingStackPrivate.h */; };
		8555A6451CFB2E47001E37D8 /* IDPHuman.c in Sources */ = {isa = PBXBuildFile; fileRef = 8555A5C71CFB2DAB001E37D8 /* IDPHuman.c */; };
		8555A6461CFB2E47001E37D8 /* IDPHuman.h in Sources */ = {isa = PBXBuildFile; fileRef = 8555A5C81CFB2DAB001E37D8 /* IDPHuman.h */; };
		8555A6471CFB2E47001E37D8 /* IDPLinkedList.c in Sources */ = {isa = PBXBuildFile; fileRef = 8555A5CA1CFB2DAB001E37D8 /* IDPLinkedList.c */; };
		8555A6481CFB2E47001E37D8 /* IDPLinkedList.h in Sources */ = {isa = PBXBuildFile; fileRef = 8555A5CB1CFB2DAB001E37D8 /* IDPLinkedList.h */; };
		8555A6491CFB2E47001E37D8 /* IDPLinkedListEnumerator.c in Sources */ = {isa = PBXBuildFile; fileRef = 8555A5CD1CFB2DAB001E37D8 /* IDPLinkedListEnumerator.c */; };
		8555A64A1CFB2E47001E37D8 /* IDPLinkedListEnumerator.h in Sources */ = {isa = PBXBuildFile; fileRef = 8555A5CE1CFB2DAB001E37D8 /* IDPLinkedListEnumerator.h */; };
		8555A64B1CFB2E47001E37D8 /* IDPLinkedListEnumeratorPrivate.h in Sources */ = {isa = PBXBuildFile; fileRef = 8555A5CF1CFB2DAB001E37D8 /* IDPLinkedListEnumeratorPrivate.h */; };
		8555A64C1CFB2E47001E37D8 /* IDPLinkedListNode.c in Sources */ = {isa = PBXBuildFile; fileRef = 8555A5D11CFB2DAB001E37D8 /* IDPLinkedListNode.c */; };
		8555A64D1CFB2E47001E37D8 /* IDPLinkedListNode.h in Sources */ = {isa = PBXBuildFile; fileRef = 8555A5D21CFB2DAB001E37D8 /* IDPLinkedListNode.h */; };
		8555A64E1CFB2E47001E37D8 /* IDPLinkedListPrivate.h in Sources */ = {isa = PBXBuildFile; fileRef = 8555A5D31CFB2DAB001E37D8 /* IDPLinkedListPrivate.h */; };
		8555A64F1CFB2E47001E37D8 /* IDPObject.c in Sources */ = {isa = PBXBuildFile; fileRef = 8555A5D51CFB2DAB001E37D8 /* IDPObject.c */; };
		8555A6501CFB2E47001E37D8 /* IDPObject.h in Sources */ = {isa = PBXBuildFile; fileRef = 8555A5D61CFB2DAB001E37D8 /* IDPObject.h */; };
		8555A6511CFB2E47001E37D8 /* IDPObjectMacros.h in Sources */ = {isa = PBXBuildFile; fileRef = 8555A5D71CFB2DAB001E37D8 /* IDPObjectMacros.h */; };
		8555A6521CFB2E47001E37D8 /* IDPString.c in Sources */ = {isa = PBXBuildFile; fileRef = 8555A5DA1CFB2DAB001E37D8 /* IDPString.c */; };
		8555A6531CFB2E47001E37D8 /* IDPString.h in Sources */ = {isa = PBXBuildFile; fileRef = 8555A5DB1CFB2DAB001E37D8 /* IDPString.h */; };
		8555A6541CFB2E47001E37D8 /* IDPPrintingFunctions.c in Sources */ = {isa = PBXBuildFile; fileRef = 8555A5DD1CFB2DAB001E37D8 /* IDPPrintingFunctions.c */; };
		8555A6551CFB2E47001E37D8 /* IDPPrintingFunctions.h in Sources */ = {isa = PBXBuildFile; fileRef = 8555A5DE1CFB2DAB001E37D8 /* IDPPrintingFunctions.h */; };
		8555A6561CFB2E47001E37D8 /* IDPStructures.c in Sources */ = {isa = PBXBuildFile; fileRef = 8555A5E01CFB2DAB001E37D8 /* IDPStructures.c */; };
		8555A6571CFB2E47001E37D8 /* IDPStructures.h in Sources */ = {isa = PBXBuildFile; fileRef = 8555A5E11CFB2DAB001E37D8 /* IDPStructures.h */; };
		8555A6581CFB2E47001E37D8 /* IDPTypesAndRanges.c in Sources */ = {isa = PBXBuildFile; fileRef = 8555A5E31CFB2DAB001E37D8 /* IDPTypesAndRanges.c */; };
		8555A6591CFB2E47001E37D8 /* IDPTypesAndRanges.h in Sources */ = {isa = PBXBuildFile; fileRef = 8555A5E41CFB2DAB001E37D8 /* IDPTypesAndRanges.h */; };
		8555A65A1CFB2E47001E37D8 /* main.c in Sources */ = {isa = PBXBuildFile; fileRef = 8555A5E61CFB2DAB001E37D8 /* main.c */; };
		8555A65B1CFB2E47001E37D8 /* IDPArrayTests.c in Sources */ = {isa = PBXBuildFile; fileRef = 8555A5E91CFB2DAB001E37D8 /* IDPArrayTests.c */; };
		8555A65C1CFB2E47001E37D8 /* IDPArrayTests.h in Sources */ = {isa = PBXBuildFile; fileRef = 8555A5EA1CFB2DAB001E37D8 /* IDPArrayTests.h */; };
		8555A65D1CFB2E47001E37D8 /* IDPAutoreleasingPoolTests.c in Sources */ = {isa = PBXBuildFile; fileRef = 8555A5EC1CFB2DAB001E37D8 /* IDPAutoreleasingPoolTests.c */; };
		8555A65E1CFB2E47001E37D8 /* IDPAutoreleasingPoolTests.h in Sources */ = {isa = PBXBuildFile; fileRef = 8555A5ED1CFB2DAB001E37D8 /* IDPAutoreleasingPoolTests.h */; };
		8555A65F1CFB2E47001E37D8 /* IDPAutoreleasingStackTests.c in Sources */ = {isa = PBXBuildFile; fileRef = 8555A5EF1CFB2DAB001E37D8 /* IDPAutoreleasingStackTests.c */; };
		8555A6601CFB2E47001E37D8 /* IDPAutoreleasingStackTests.h in Sources */ = {isa = PBXBuildFile; fileRef = 8555A5F01CFB2DAB001E37D8 /* IDPAutoreleasingStackTests.h */; };
		8555A6611CFB2E47001E37D8 /* IDPBitOutputTests.c in Sources */ = {isa = PBXBuildFile; fileRef = 8555A5F21CFB2DAB001E37D8 /* IDPBitOutputTests.c */; };
		8555A6621CFB2E47001E37D8 /* IDPBitOutputTests.h in Sources */ = {isa = PBXBuildFile; fileRef = 8555A5F31CFB2DAB001E37D8 /* IDPBitOutputTests.h */; };
		8555A6631CFB2E47001E37D8 /* IDPBranchingAndStatesTests.c in Sources */ = {isa = PBXBuildFile; fileRef = 8555A5F51CFB2DAB001E37D8 /* IDPBranchingAndStatesTests.c */; };
		8555A6641CFB2E47001E37D8 /* IDPBranchingAndStatesTests.h in Sources */ = {isa = PBXBuildFile; fileRef = 8555A5F61CFB2DAB001E37D8 /* IDPBranchingAndStatesTests.h */; };
		8555A6651CFB2E47001E37D8 /* IDPHumanTests.c in Sources */ = {isa = PBXBuildFile; fileRef = 8555A5F81CFB2DAB001E37D8 /* IDPHumanTests.c */; };
		8555A6661CFB2E47001E37D8 /* IDPHumanTests.h in Sources */ = {isa = PBXBuildFile; fileRef = 8555A5F91CFB2DAB001E37D8 /* IDPHumanTests.h */; };
		8555A6671CFB2E47001E37D8 /* IDPLinkedListTests.c in Sources */ = {isa = PBXBuildFile; fileRef = 8555A5FB1CFB2DAB001E37D8 /* IDPLinkedListTests.c */; };
		8555A6681CFB2E47001E37D8 /* IDPLinkedListTests.h in Sources */ = {isa = PBXBuildFile; fileRef = 8555A5FC1CFB2DAB001E37D8 /* IDPLinkedListTests.h */; };
		8555A6691CFB2E47001E37D8 /* IDPObjectTests.c in Sources */ = {isa = PBXBuildFile; fileRef = 8555A5FE1CFB2DAB001E37D8 /* IDPObjectTests.c */; };
		8555A66A1CFB2E47001E37D8 /* IDPObjectTests.h in Sources */ = {isa = PBXBuildFile; fileRef = 8555A5FF1CFB2DAB001E37D8 /* IDPObjectTests.h */; };
		8555A66B1CFB2E47001E37D8 /* IDPPrintingFunctionsTests.c in Sources */ = {isa = PBXBuildFile; fileRef = 8555A6011CFB2DAB001E37D8 /* IDPPrintingFunctionsTests.c */; };
		8555A66C1CFB2E47001E37D8 /* IDPPrintingFunctionsTests.h in Sources */ = {isa = PBXBuildFile; fileRef = 8555A6021CFB2DAB001E37D8 /* IDPPrintingFunctionsTests.h */; };
		8555A66D1CFB2E47001E37D8 /* IDPStringTests.c in Sources */ = {isa = PBXBuildFile; fileRef = 8555A6041CFB2DAB001E37D8 /* IDPStringTests.c */; };
		8555A66E1CFB2E47001E37D8 /* IDPStringTests.h in Sources */ = {isa = PBXBuildFile; fileRef = 8555A6051CFB2DAB001E37D8 /* IDPStringTests.h */; };
		8555A66F1CFB2E47001E37D8 /* IDPStructuresTests.c in Sources */ = {isa = PBXBuildFile; fileRef = 8555A6071CFB2DAB001E37D8 /* IDPStructuresTests.c */; };
		8555A6701CFB2E47001E37D8 /* IDPStructuresTests.h in Sources */ = {isa = PBXBuildFile; fileRef = 8555A6081CFB2DAB001E37D8 /* IDPStructuresTests.h */; };
		8555A6711CFB2E47001E37D8 /* IDPTypesAndRangesTests.c in Sources */ = {isa = PBXBuildFile; fileRef = 8555A60A1CFB2DAB001E37D8 /* IDPTypesAndRangesTests.c */; };
		8555A6721CFB2E47001E37D8 /* IDPTypesAndRangesTests.h in Sources */ = {isa = PBXBuildFile; fileRef = 8555A60B1CFB2DAB001E37D8 /* IDPTypesAndRangesTests.h */; };
/* End PBXBuildFile section */

/* Begin PBXCopyFilesBuildPhase section */
		8550BC531CBB23B400813085 /* CopyFiles */ = {
			isa = PBXCopyFilesBuildPhase;
			buildActionMask = 2147483647;
			dstPath = /usr/share/man/man1/;
			dstSubfolderSpec = 0;
			files = (
			);
			runOnlyForDeploymentPostprocessing = 1;
		};
		8555A5351CFB2CF1001E37D8 /* CopyFiles */ = {
			isa = PBXCopyFilesBuildPhase;
			buildActionMask = 2147483647;
			dstPath = /usr/share/man/man1/;
			dstSubfolderSpec = 0;
			files = (
			);
			runOnlyForDeploymentPostprocessing = 1;
		};
/* End PBXCopyFilesBuildPhase section */

/* Begin PBXFileReference section */
		8550BC551CBB23B400813085 /* SuperCProject */ = {isa = PBXFileReference; explicitFileType = "compiled.mach-o.executable"; includeInIndex = 0; path = SuperCProject; sourceTree = BUILT_PRODUCTS_DIR; };
		8555A5371CFB2CF1001E37D8 /* SuperObjCProject */ = {isa = PBXFileReference; explicitFileType = "compiled.mach-o.executable"; includeInIndex = 0; path = SuperObjCProject; sourceTree = BUILT_PRODUCTS_DIR; };
		8555A5A81CFB2DAB001E37D8 /* IDPApplication.c */ = {isa = PBXFileReference; fileEncoding = 4; lastKnownFileType = sourcecode.c.c; path = IDPApplication.c; sourceTree = "<group>"; };
		8555A5A91CFB2DAB001E37D8 /* IDPApplication.h */ = {isa = PBXFileReference; fileEncoding = 4; lastKnownFileType = sourcecode.c.h; path = IDPApplication.h; sourceTree = "<group>"; };
		8555A5AB1CFB2DAB001E37D8 /* IDPBasicMathOperations.c */ = {isa = PBXFileReference; fileEncoding = 4; lastKnownFileType = sourcecode.c.c; path = IDPBasicMathOperations.c; sourceTree = "<group>"; };
		8555A5AC1CFB2DAB001E37D8 /* IDPBasicMathOperations.h */ = {isa = PBXFileReference; fileEncoding = 4; lastKnownFileType = sourcecode.c.h; path = IDPBasicMathOperations.h; sourceTree = "<group>"; };
		8555A5AE1CFB2DAB001E37D8 /* IDPBitOutput.c */ = {isa = PBXFileReference; fileEncoding = 4; lastKnownFileType = sourcecode.c.c; path = IDPBitOutput.c; sourceTree = "<group>"; };
		8555A5AF1CFB2DAB001E37D8 /* IDPBitOutput.h */ = {isa = PBXFileReference; fileEncoding = 4; lastKnownFileType = sourcecode.c.h; path = IDPBitOutput.h; sourceTree = "<group>"; };
		8555A5B11CFB2DAB001E37D8 /* IDPBranchingAndStates.c */ = {isa = PBXFileReference; fileEncoding = 4; lastKnownFileType = sourcecode.c.c; path = IDPBranchingAndStates.c; sourceTree = "<group>"; };
		8555A5B21CFB2DAB001E37D8 /* IDPBranchingAndStates.h */ = {isa = PBXFileReference; fileEncoding = 4; lastKnownFileType = sourcecode.c.h; path = IDPBranchingAndStates.h; sourceTree = "<group>"; };
		8555A5B41CFB2DAB001E37D8 /* IDPCycles.c */ = {isa = PBXFileReference; fileEncoding = 4; lastKnownFileType = sourcecode.c.c; path = IDPCycles.c; sourceTree = "<group>"; };
		8555A5B51CFB2DAB001E37D8 /* IDPCycles.h */ = {isa = PBXFileReference; fileEncoding = 4; lastKnownFileType = sourcecode.c.h; path = IDPCycles.h; sourceTree = "<group>"; };
		8555A5B71CFB2DAB001E37D8 /* IDPGenericList.c */ = {isa = PBXFileReference; fileEncoding = 4; lastKnownFileType = sourcecode.c.c; path = IDPGenericList.c; sourceTree = "<group>"; };
		8555A5B81CFB2DAB001E37D8 /* IDPGenericList.h */ = {isa = PBXFileReference; fileEncoding = 4; lastKnownFileType = sourcecode.c.h; path = IDPGenericList.h; sourceTree = "<group>"; };
		8555A5B91CFB2DAB001E37D8 /* IDPPrintReversed.c */ = {isa = PBXFileReference; fileEncoding = 4; lastKnownFileType = sourcecode.c.c; path = IDPPrintReversed.c; sourceTree = "<group>"; };
		8555A5BA1CFB2DAB001E37D8 /* IDPPrintReversed.h */ = {isa = PBXFileReference; fileEncoding = 4; lastKnownFileType = sourcecode.c.h; path = IDPPrintReversed.h; sourceTree = "<group>"; };
		8555A5BD1CFB2DAB001E37D8 /* IDPArray.c */ = {isa = PBXFileReference; fileEncoding = 4; lastKnownFileType = sourcecode.c.c; path = IDPArray.c; sourceTree = "<group>"; };
		8555A5BE1CFB2DAB001E37D8 /* IDPArray.h */ = {isa = PBXFileReference; fileEncoding = 4; lastKnownFileType = sourcecode.c.h; path = IDPArray.h; sourceTree = "<group>"; };
		8555A5C01CFB2DAB001E37D8 /* IDPAutoreleasingPool.c */ = {isa = PBXFileReference; fileEncoding = 4; lastKnownFileType = sourcecode.c.c; path = IDPAutoreleasingPool.c; sourceTree = "<group>"; };
		8555A5C11CFB2DAB001E37D8 /* IDPAutoreleasingPool.h */ = {isa = PBXFileReference; fileEncoding = 4; lastKnownFileType = sourcecode.c.h; path = IDPAutoreleasingPool.h; sourceTree = "<group>"; };
		8555A5C31CFB2DAB001E37D8 /* IDPAutoreleasingStack.c */ = {isa = PBXFileReference; fileEncoding = 4; lastKnownFileType = sourcecode.c.c; path = IDPAutoreleasingStack.c; sourceTree = "<group>"; };
		8555A5C41CFB2DAB001E37D8 /* IDPAutoreleasingStack.h */ = {isa = PBXFileReference; fileEncoding = 4; lastKnownFileType = sourcecode.c.h; path = IDPAutoreleasingStack.h; sourceTree = "<group>"; };
		8555A5C51CFB2DAB001E37D8 /* IDPAutoreleasingStackPrivate.h */ = {isa = PBXFileReference; fileEncoding = 4; lastKnownFileType = sourcecode.c.h; path = IDPAutoreleasingStackPrivate.h; sourceTree = "<group>"; };
		8555A5C71CFB2DAB001E37D8 /* IDPHuman.c */ = {isa = PBXFileReference; fileEncoding = 4; lastKnownFileType = sourcecode.c.c; path = IDPHuman.c; sourceTree = "<group>"; };
		8555A5C81CFB2DAB001E37D8 /* IDPHuman.h */ = {isa = PBXFileReference; fileEncoding = 4; lastKnownFileType = sourcecode.c.h; path = IDPHuman.h; sourceTree = "<group>"; };
		8555A5CA1CFB2DAB001E37D8 /* IDPLinkedList.c */ = {isa = PBXFileReference; fileEncoding = 4; lastKnownFileType = sourcecode.c.c; path = IDPLinkedList.c; sourceTree = "<group>"; };
		8555A5CB1CFB2DAB001E37D8 /* IDPLinkedList.h */ = {isa = PBXFileReference; fileEncoding = 4; lastKnownFileType = sourcecode.c.h; path = IDPLinkedList.h; sourceTree = "<group>"; };
		8555A5CD1CFB2DAB001E37D8 /* IDPLinkedListEnumerator.c */ = {isa = PBXFileReference; fileEncoding = 4; lastKnownFileType = sourcecode.c.c; path = IDPLinkedListEnumerator.c; sourceTree = "<group>"; };
		8555A5CE1CFB2DAB001E37D8 /* IDPLinkedListEnumerator.h */ = {isa = PBXFileReference; fileEncoding = 4; lastKnownFileType = sourcecode.c.h; path = IDPLinkedListEnumerator.h; sourceTree = "<group>"; };
		8555A5CF1CFB2DAB001E37D8 /* IDPLinkedListEnumeratorPrivate.h */ = {isa = PBXFileReference; fileEncoding = 4; lastKnownFileType = sourcecode.c.h; path = IDPLinkedListEnumeratorPrivate.h; sourceTree = "<group>"; };
		8555A5D11CFB2DAB001E37D8 /* IDPLinkedListNode.c */ = {isa = PBXFileReference; fileEncoding = 4; lastKnownFileType = sourcecode.c.c; path = IDPLinkedListNode.c; sourceTree = "<group>"; };
		8555A5D21CFB2DAB001E37D8 /* IDPLinkedListNode.h */ = {isa = PBXFileReference; fileEncoding = 4; lastKnownFileType = sourcecode.c.h; path = IDPLinkedListNode.h; sourceTree = "<group>"; };
		8555A5D31CFB2DAB001E37D8 /* IDPLinkedListPrivate.h */ = {isa = PBXFileReference; fileEncoding = 4; lastKnownFileType = sourcecode.c.h; path = IDPLinkedListPrivate.h; sourceTree = "<group>"; };
		8555A5D51CFB2DAB001E37D8 /* IDPObject.c */ = {isa = PBXFileReference; fileEncoding = 4; lastKnownFileType = sourcecode.c.c; path = IDPObject.c; sourceTree = "<group>"; };
		8555A5D61CFB2DAB001E37D8 /* IDPObject.h */ = {isa = PBXFileReference; fileEncoding = 4; lastKnownFileType = sourcecode.c.h; path = IDPObject.h; sourceTree = "<group>"; };
		8555A5D71CFB2DAB001E37D8 /* IDPObjectMacros.h */ = {isa = PBXFileReference; fileEncoding = 4; lastKnownFileType = sourcecode.c.h; path = IDPObjectMacros.h; sourceTree = "<group>"; };
		8555A5DA1CFB2DAB001E37D8 /* IDPString.c */ = {isa = PBXFileReference; fileEncoding = 4; lastKnownFileType = sourcecode.c.c; path = IDPString.c; sourceTree = "<group>"; };
		8555A5DB1CFB2DAB001E37D8 /* IDPString.h */ = {isa = PBXFileReference; fileEncoding = 4; lastKnownFileType = sourcecode.c.h; path = IDPString.h; sourceTree = "<group>"; };
		8555A5DD1CFB2DAB001E37D8 /* IDPPrintingFunctions.c */ = {isa = PBXFileReference; fileEncoding = 4; lastKnownFileType = sourcecode.c.c; path = IDPPrintingFunctions.c; sourceTree = "<group>"; };
		8555A5DE1CFB2DAB001E37D8 /* IDPPrintingFunctions.h */ = {isa = PBXFileReference; fileEncoding = 4; lastKnownFileType = sourcecode.c.h; path = IDPPrintingFunctions.h; sourceTree = "<group>"; };
		8555A5E01CFB2DAB001E37D8 /* IDPStructures.c */ = {isa = PBXFileReference; fileEncoding = 4; lastKnownFileType = sourcecode.c.c; path = IDPStructures.c; sourceTree = "<group>"; };
		8555A5E11CFB2DAB001E37D8 /* IDPStructures.h */ = {isa = PBXFileReference; fileEncoding = 4; lastKnownFileType = sourcecode.c.h; path = IDPStructures.h; sourceTree = "<group>"; };
		8555A5E31CFB2DAB001E37D8 /* IDPTypesAndRanges.c */ = {isa = PBXFileReference; fileEncoding = 4; lastKnownFileType = sourcecode.c.c; path = IDPTypesAndRanges.c; sourceTree = "<group>"; };
		8555A5E41CFB2DAB001E37D8 /* IDPTypesAndRanges.h */ = {isa = PBXFileReference; fileEncoding = 4; lastKnownFileType = sourcecode.c.h; path = IDPTypesAndRanges.h; sourceTree = "<group>"; };
		8555A5E61CFB2DAB001E37D8 /* main.c */ = {isa = PBXFileReference; fileEncoding = 4; lastKnownFileType = sourcecode.c.c; path = main.c; sourceTree = "<group>"; };
		8555A5E91CFB2DAB001E37D8 /* IDPArrayTests.c */ = {isa = PBXFileReference; fileEncoding = 4; lastKnownFileType = sourcecode.c.c; path = IDPArrayTests.c; sourceTree = "<group>"; };
		8555A5EA1CFB2DAB001E37D8 /* IDPArrayTests.h */ = {isa = PBXFileReference; fileEncoding = 4; lastKnownFileType = sourcecode.c.h; path = IDPArrayTests.h; sourceTree = "<group>"; };
		8555A5EC1CFB2DAB001E37D8 /* IDPAutoreleasingPoolTests.c */ = {isa = PBXFileReference; fileEncoding = 4; lastKnownFileType = sourcecode.c.c; path = IDPAutoreleasingPoolTests.c; sourceTree = "<group>"; };
		8555A5ED1CFB2DAB001E37D8 /* IDPAutoreleasingPoolTests.h */ = {isa = PBXFileReference; fileEncoding = 4; lastKnownFileType = sourcecode.c.h; path = IDPAutoreleasingPoolTests.h; sourceTree = "<group>"; };
		8555A5EF1CFB2DAB001E37D8 /* IDPAutoreleasingStackTests.c */ = {isa = PBXFileReference; fileEncoding = 4; lastKnownFileType = sourcecode.c.c; path = IDPAutoreleasingStackTests.c; sourceTree = "<group>"; };
		8555A5F01CFB2DAB001E37D8 /* IDPAutoreleasingStackTests.h */ = {isa = PBXFileReference; fileEncoding = 4; lastKnownFileType = sourcecode.c.h; path = IDPAutoreleasingStackTests.h; sourceTree = "<group>"; };
		8555A5F21CFB2DAB001E37D8 /* IDPBitOutputTests.c */ = {isa = PBXFileReference; fileEncoding = 4; lastKnownFileType = sourcecode.c.c; path = IDPBitOutputTests.c; sourceTree = "<group>"; };
		8555A5F31CFB2DAB001E37D8 /* IDPBitOutputTests.h */ = {isa = PBXFileReference; fileEncoding = 4; lastKnownFileType = sourcecode.c.h; path = IDPBitOutputTests.h; sourceTree = "<group>"; };
		8555A5F51CFB2DAB001E37D8 /* IDPBranchingAndStatesTests.c */ = {isa = PBXFileReference; fileEncoding = 4; lastKnownFileType = sourcecode.c.c; path = IDPBranchingAndStatesTests.c; sourceTree = "<group>"; };
		8555A5F61CFB2DAB001E37D8 /* IDPBranchingAndStatesTests.h */ = {isa = PBXFileReference; fileEncoding = 4; lastKnownFileType = sourcecode.c.h; path = IDPBranchingAndStatesTests.h; sourceTree = "<group>"; };
		8555A5F81CFB2DAB001E37D8 /* IDPHumanTests.c */ = {isa = PBXFileReference; fileEncoding = 4; lastKnownFileType = sourcecode.c.c; path = IDPHumanTests.c; sourceTree = "<group>"; };
		8555A5F91CFB2DAB001E37D8 /* IDPHumanTests.h */ = {isa = PBXFileReference; fileEncoding = 4; lastKnownFileType = sourcecode.c.h; path = IDPHumanTests.h; sourceTree = "<group>"; };
		8555A5FB1CFB2DAB001E37D8 /* IDPLinkedListTests.c */ = {isa = PBXFileReference; fileEncoding = 4; lastKnownFileType = sourcecode.c.c; path = IDPLinkedListTests.c; sourceTree = "<group>"; };
		8555A5FC1CFB2DAB001E37D8 /* IDPLinkedListTests.h */ = {isa = PBXFileReference; fileEncoding = 4; lastKnownFileType = sourcecode.c.h; path = IDPLinkedListTests.h; sourceTree = "<group>"; };
		8555A5FE1CFB2DAB001E37D8 /* IDPObjectTests.c */ = {isa = PBXFileReference; fileEncoding = 4; lastKnownFileType = sourcecode.c.c; path = IDPObjectTests.c; sourceTree = "<group>"; };
		8555A5FF1CFB2DAB001E37D8 /* IDPObjectTests.h */ = {isa = PBXFileReference; fileEncoding = 4; lastKnownFileType = sourcecode.c.h; path = IDPObjectTests.h; sourceTree = "<group>"; };
		8555A6011CFB2DAB001E37D8 /* IDPPrintingFunctionsTests.c */ = {isa = PBXFileReference; fileEncoding = 4; lastKnownFileType = sourcecode.c.c; path = IDPPrintingFunctionsTests.c; sourceTree = "<group>"; };
		8555A6021CFB2DAB001E37D8 /* IDPPrintingFunctionsTests.h */ = {isa = PBXFileReference; fileEncoding = 4; lastKnownFileType = sourcecode.c.h; path = IDPPrintingFunctionsTests.h; sourceTree = "<group>"; };
		8555A6041CFB2DAB001E37D8 /* IDPStringTests.c */ = {isa = PBXFileReference; fileEncoding = 4; lastKnownFileType = sourcecode.c.c; path = IDPStringTests.c; sourceTree = "<group>"; };
		8555A6051CFB2DAB001E37D8 /* IDPStringTests.h */ = {isa = PBXFileReference; fileEncoding = 4; lastKnownFileType = sourcecode.c.h; path = IDPStringTests.h; sourceTree = "<group>"; };
		8555A6071CFB2DAB001E37D8 /* IDPStructuresTests.c */ = {isa = PBXFileReference; fileEncoding = 4; lastKnownFileType = sourcecode.c.c; path = IDPStructuresTests.c; sourceTree = "<group>"; };
		8555A6081CFB2DAB001E37D8 /* IDPStructuresTests.h */ = {isa = PBXFileReference; fileEncoding = 4; lastKnownFileType = sourcecode.c.h; path = IDPStructuresTests.h; sourceTree = "<group>"; };
		8555A60A1CFB2DAB001E37D8 /* IDPTypesAndRangesTests.c */ = {isa = PBXFileReference; fileEncoding = 4; lastKnownFileType = sourcecode.c.c; path = IDPTypesAndRangesTests.c; sourceTree = "<group>"; };
		8555A60B1CFB2DAB001E37D8 /* IDPTypesAndRangesTests.h */ = {isa = PBXFileReference; fileEncoding = 4; lastKnownFileType = sourcecode.c.h; path = IDPTypesAndRangesTests.h; sourceTree = "<group>"; };
		8555A62E1CFB2DB7001E37D8 /* main.m */ = {isa = PBXFileReference; fileEncoding = 4; lastKnownFileType = sourcecode.c.objc; path = main.m; sourceTree = "<group>"; };
/* End PBXFileReference section */

/* Begin PBXFrameworksBuildPhase section */
		8550BC521CBB23B400813085 /* Frameworks */ = {
			isa = PBXFrameworksBuildPhase;
			buildActionMask = 2147483647;
			files = (
			);
			runOnlyForDeploymentPostprocessing = 0;
		};
		8555A5341CFB2CF1001E37D8 /* Frameworks */ = {
			isa = PBXFrameworksBuildPhase;
			buildActionMask = 2147483647;
			files = (
			);
			runOnlyForDeploymentPostprocessing = 0;
		};
/* End PBXFrameworksBuildPhase section */

/* Begin PBXGroup section */
		8550BC4C1CBB23B400813085 = {
			isa = PBXGroup;
			children = (
				8555A5A51CFB2DAB001E37D8 /* SuperC */,
				8555A62C1CFB2DB7001E37D8 /* SuperObjC */,
				8550BC561CBB23B400813085 /* Products */,
			);
			sourceTree = "<group>";
		};
		8550BC561CBB23B400813085 /* Products */ = {
			isa = PBXGroup;
			children = (
				8550BC551CBB23B400813085 /* SuperCProject */,
				8555A5371CFB2CF1001E37D8 /* SuperObjCProject */,
			);
			name = Products;
			sourceTree = "<group>";
		};
		8555A5A51CFB2DAB001E37D8 /* SuperC */ = {
			isa = PBXGroup;
			children = (
				8555A5A61CFB2DAB001E37D8 /* Sources */,
				8555A5E51CFB2DAB001E37D8 /* SuperCProject */,
				8555A5E71CFB2DAB001E37D8 /* Tests */,
			);
			path = SuperC;
			sourceTree = "<group>";
		};
		8555A5A61CFB2DAB001E37D8 /* Sources */ = {
			isa = PBXGroup;
			children = (
				8555A5A71CFB2DAB001E37D8 /* IDPApplication */,
				8555A5AA1CFB2DAB001E37D8 /* IDPBasicMathOperations */,
				8555A5AD1CFB2DAB001E37D8 /* IDPBitOutput */,
				8555A5B01CFB2DAB001E37D8 /* IDPBranchingAndStates */,
				8555A5B31CFB2DAB001E37D8 /* IDPCycles */,
				8555A5B61CFB2DAB001E37D8 /* IDPGenericList */,
				8555A5BB1CFB2DAB001E37D8 /* IDPObjects */,
				8555A5DC1CFB2DAB001E37D8 /* IDPPrintingFunctions */,
				8555A5DF1CFB2DAB001E37D8 /* IDPStructures */,
				8555A5E21CFB2DAB001E37D8 /* IDPTypesAndRanges */,
			);
			path = Sources;
			sourceTree = "<group>";
		};
		8555A5A71CFB2DAB001E37D8 /* IDPApplication */ = {
			isa = PBXGroup;
			children = (
				8555A5A81CFB2DAB001E37D8 /* IDPApplication.c */,
				8555A5A91CFB2DAB001E37D8 /* IDPApplication.h */,
			);
			path = IDPApplication;
			sourceTree = "<group>";
		};
		8555A5AA1CFB2DAB001E37D8 /* IDPBasicMathOperations */ = {
			isa = PBXGroup;
			children = (
				8555A5AB1CFB2DAB001E37D8 /* IDPBasicMathOperations.c */,
				8555A5AC1CFB2DAB001E37D8 /* IDPBasicMathOperations.h */,
			);
			path = IDPBasicMathOperations;
			sourceTree = "<group>";
		};
		8555A5AD1CFB2DAB001E37D8 /* IDPBitOutput */ = {
			isa = PBXGroup;
			children = (
				8555A5AE1CFB2DAB001E37D8 /* IDPBitOutput.c */,
				8555A5AF1CFB2DAB001E37D8 /* IDPBitOutput.h */,
			);
			path = IDPBitOutput;
			sourceTree = "<group>";
		};
		8555A5B01CFB2DAB001E37D8 /* IDPBranchingAndStates */ = {
			isa = PBXGroup;
			children = (
				8555A5B11CFB2DAB001E37D8 /* IDPBranchingAndStates.c */,
				8555A5B21CFB2DAB001E37D8 /* IDPBranchingAndStates.h */,
			);
			path = IDPBranchingAndStates;
			sourceTree = "<group>";
		};
		8555A5B31CFB2DAB001E37D8 /* IDPCycles */ = {
			isa = PBXGroup;
			children = (
				8555A5B41CFB2DAB001E37D8 /* IDPCycles.c */,
				8555A5B51CFB2DAB001E37D8 /* IDPCycles.h */,
			);
			path = IDPCycles;
			sourceTree = "<group>";
		};
		8555A5B61CFB2DAB001E37D8 /* IDPGenericList */ = {
			isa = PBXGroup;
			children = (
				8555A5B71CFB2DAB001E37D8 /* IDPGenericList.c */,
				8555A5B81CFB2DAB001E37D8 /* IDPGenericList.h */,
				8555A5B91CFB2DAB001E37D8 /* IDPPrintReversed.c */,
				8555A5BA1CFB2DAB001E37D8 /* IDPPrintReversed.h */,
			);
			path = IDPGenericList;
			sourceTree = "<group>";
		};
		8555A5BB1CFB2DAB001E37D8 /* IDPObjects */ = {
			isa = PBXGroup;
			children = (
				8555A5BC1CFB2DAB001E37D8 /* IDPArray */,
				8555A5BF1CFB2DAB001E37D8 /* IDPAutoreleasingPool */,
				8555A5C61CFB2DAB001E37D8 /* IDPHuman */,
				8555A5C91CFB2DAB001E37D8 /* IDPLinkedList */,
				8555A5D41CFB2DAB001E37D8 /* IDPObject */,
				8555A5D91CFB2DAB001E37D8 /* IDPString */,
			);
			path = IDPObjects;
			sourceTree = "<group>";
		};
		8555A5BC1CFB2DAB001E37D8 /* IDPArray */ = {
			isa = PBXGroup;
			children = (
				8555A5BD1CFB2DAB001E37D8 /* IDPArray.c */,
				8555A5BE1CFB2DAB001E37D8 /* IDPArray.h */,
			);
			path = IDPArray;
			sourceTree = "<group>";
		};
		8555A5BF1CFB2DAB001E37D8 /* IDPAutoreleasingPool */ = {
			isa = PBXGroup;
			children = (
				8555A5C01CFB2DAB001E37D8 /* IDPAutoreleasingPool.c */,
				8555A5C11CFB2DAB001E37D8 /* IDPAutoreleasingPool.h */,
				8555A5C21CFB2DAB001E37D8 /* IDPAutoreleasingStack */,
			);
			path = IDPAutoreleasingPool;
			sourceTree = "<group>";
		};
		8555A5C21CFB2DAB001E37D8 /* IDPAutoreleasingStack */ = {
			isa = PBXGroup;
			children = (
				8555A5C31CFB2DAB001E37D8 /* IDPAutoreleasingStack.c */,
				8555A5C41CFB2DAB001E37D8 /* IDPAutoreleasingStack.h */,
				8555A5C51CFB2DAB001E37D8 /* IDPAutoreleasingStackPrivate.h */,
			);
			path = IDPAutoreleasingStack;
			sourceTree = "<group>";
		};
		8555A5C61CFB2DAB001E37D8 /* IDPHuman */ = {
			isa = PBXGroup;
			children = (
				8555A5C71CFB2DAB001E37D8 /* IDPHuman.c */,
				8555A5C81CFB2DAB001E37D8 /* IDPHuman.h */,
			);
			path = IDPHuman;
			sourceTree = "<group>";
		};
		8555A5C91CFB2DAB001E37D8 /* IDPLinkedList */ = {
			isa = PBXGroup;
			children = (
				8555A5CA1CFB2DAB001E37D8 /* IDPLinkedList.c */,
				8555A5CB1CFB2DAB001E37D8 /* IDPLinkedList.h */,
				8555A5CC1CFB2DAB001E37D8 /* IDPLinkedListEnumerator */,
				8555A5D01CFB2DAB001E37D8 /* IDPLinkedListNode */,
				8555A5D31CFB2DAB001E37D8 /* IDPLinkedListPrivate.h */,
			);
			path = IDPLinkedList;
			sourceTree = "<group>";
		};
		8555A5CC1CFB2DAB001E37D8 /* IDPLinkedListEnumerator */ = {
			isa = PBXGroup;
			children = (
				8555A5CD1CFB2DAB001E37D8 /* IDPLinkedListEnumerator.c */,
				8555A5CE1CFB2DAB001E37D8 /* IDPLinkedListEnumerator.h */,
				8555A5CF1CFB2DAB001E37D8 /* IDPLinkedListEnumeratorPrivate.h */,
			);
			path = IDPLinkedListEnumerator;
			sourceTree = "<group>";
		};
		8555A5D01CFB2DAB001E37D8 /* IDPLinkedListNode */ = {
			isa = PBXGroup;
			children = (
				8555A5D11CFB2DAB001E37D8 /* IDPLinkedListNode.c */,
				8555A5D21CFB2DAB001E37D8 /* IDPLinkedListNode.h */,
			);
			path = IDPLinkedListNode;
			sourceTree = "<group>";
		};
		8555A5D41CFB2DAB001E37D8 /* IDPObject */ = {
			isa = PBXGroup;
			children = (
				8555A5D51CFB2DAB001E37D8 /* IDPObject.c */,
				8555A5D61CFB2DAB001E37D8 /* IDPObject.h */,
				8555A5D71CFB2DAB001E37D8 /* IDPObjectMacros.h */,
				8555A5D81CFB2DAB001E37D8 /* IDPSingletonObject */,
			);
			path = IDPObject;
			sourceTree = "<group>";
		};
		8555A5D81CFB2DAB001E37D8 /* IDPSingletonObject */ = {
			isa = PBXGroup;
			children = (
			);
			path = IDPSingletonObject;
			sourceTree = "<group>";
		};
		8555A5D91CFB2DAB001E37D8 /* IDPString */ = {
			isa = PBXGroup;
			children = (
				8555A5DA1CFB2DAB001E37D8 /* IDPString.c */,
				8555A5DB1CFB2DAB001E37D8 /* IDPString.h */,
			);
			path = IDPString;
			sourceTree = "<group>";
		};
		8555A5DC1CFB2DAB001E37D8 /* IDPPrintingFunctions */ = {
			isa = PBXGroup;
			children = (
				8555A5DD1CFB2DAB001E37D8 /* IDPPrintingFunctions.c */,
				8555A5DE1CFB2DAB001E37D8 /* IDPPrintingFunctions.h */,
			);
			path = IDPPrintingFunctions;
			sourceTree = "<group>";
		};
		8555A5DF1CFB2DAB001E37D8 /* IDPStructures */ = {
			isa = PBXGroup;
			children = (
				8555A5E01CFB2DAB001E37D8 /* IDPStructures.c */,
				8555A5E11CFB2DAB001E37D8 /* IDPStructures.h */,
			);
			path = IDPStructures;
			sourceTree = "<group>";
		};
		8555A5E21CFB2DAB001E37D8 /* IDPTypesAndRanges */ = {
			isa = PBXGroup;
			children = (
				8555A5E31CFB2DAB001E37D8 /* IDPTypesAndRanges.c */,
				8555A5E41CFB2DAB001E37D8 /* IDPTypesAndRanges.h */,
			);
			path = IDPTypesAndRanges;
			sourceTree = "<group>";
		};
		8555A5E51CFB2DAB001E37D8 /* SuperCProject */ = {
			isa = PBXGroup;
			children = (
				8555A5E61CFB2DAB001E37D8 /* main.c */,
			);
			path = SuperCProject;
			sourceTree = "<group>";
		};
		8555A5E71CFB2DAB001E37D8 /* Tests */ = {
			isa = PBXGroup;
			children = (
				8555A5E81CFB2DAB001E37D8 /* IDPArrayTests */,
				8555A5EB1CFB2DAB001E37D8 /* IDPAutoreleasingPoolTests */,
				8555A5EE1CFB2DAB001E37D8 /* IDPAutoreleasingStackTests */,
				8555A5F11CFB2DAB001E37D8 /* IDPBitOutputTests */,
				8555A5F41CFB2DAB001E37D8 /* IDPBranchingAndStatesTests */,
				8555A5F71CFB2DAB001E37D8 /* IDPHumanTests */,
				8555A5FA1CFB2DAB001E37D8 /* IDPLinkedListTests */,
				8555A5FD1CFB2DAB001E37D8 /* IDPObjectTests */,
				8555A6001CFB2DAB001E37D8 /* IDPPrintingFunctionsTests */,
				8555A6031CFB2DAB001E37D8 /* IDPStringTests */,
				8555A6061CFB2DAB001E37D8 /* IDPStructuresTests */,
				8555A6091CFB2DAB001E37D8 /* IDPTypesAndRangesTests */,
			);
			path = Tests;
			sourceTree = "<group>";
		};
		8555A5E81CFB2DAB001E37D8 /* IDPArrayTests */ = {
			isa = PBXGroup;
			children = (
				8555A5E91CFB2DAB001E37D8 /* IDPArrayTests.c */,
				8555A5EA1CFB2DAB001E37D8 /* IDPArrayTests.h */,
			);
			path = IDPArrayTests;
			sourceTree = "<group>";
		};
		8555A5EB1CFB2DAB001E37D8 /* IDPAutoreleasingPoolTests */ = {
			isa = PBXGroup;
			children = (
				8555A5EC1CFB2DAB001E37D8 /* IDPAutoreleasingPoolTests.c */,
				8555A5ED1CFB2DAB001E37D8 /* IDPAutoreleasingPoolTests.h */,
			);
			path = IDPAutoreleasingPoolTests;
			sourceTree = "<group>";
		};
		8555A5EE1CFB2DAB001E37D8 /* IDPAutoreleasingStackTests */ = {
			isa = PBXGroup;
			children = (
				8555A5EF1CFB2DAB001E37D8 /* IDPAutoreleasingStackTests.c */,
				8555A5F01CFB2DAB001E37D8 /* IDPAutoreleasingStackTests.h */,
			);
			path = IDPAutoreleasingStackTests;
			sourceTree = "<group>";
		};
		8555A5F11CFB2DAB001E37D8 /* IDPBitOutputTests */ = {
			isa = PBXGroup;
			children = (
				8555A5F21CFB2DAB001E37D8 /* IDPBitOutputTests.c */,
				8555A5F31CFB2DAB001E37D8 /* IDPBitOutputTests.h */,
			);
			path = IDPBitOutputTests;
			sourceTree = "<group>";
		};
		8555A5F41CFB2DAB001E37D8 /* IDPBranchingAndStatesTests */ = {
			isa = PBXGroup;
			children = (
				8555A5F51CFB2DAB001E37D8 /* IDPBranchingAndStatesTests.c */,
				8555A5F61CFB2DAB001E37D8 /* IDPBranchingAndStatesTests.h */,
			);
			path = IDPBranchingAndStatesTests;
			sourceTree = "<group>";
		};
		8555A5F71CFB2DAB001E37D8 /* IDPHumanTests */ = {
			isa = PBXGroup;
			children = (
				8555A5F81CFB2DAB001E37D8 /* IDPHumanTests.c */,
				8555A5F91CFB2DAB001E37D8 /* IDPHumanTests.h */,
			);
			path = IDPHumanTests;
			sourceTree = "<group>";
		};
		8555A5FA1CFB2DAB001E37D8 /* IDPLinkedListTests */ = {
			isa = PBXGroup;
			children = (
				8555A5FB1CFB2DAB001E37D8 /* IDPLinkedListTests.c */,
				8555A5FC1CFB2DAB001E37D8 /* IDPLinkedListTests.h */,
			);
			path = IDPLinkedListTests;
			sourceTree = "<group>";
		};
		8555A5FD1CFB2DAB001E37D8 /* IDPObjectTests */ = {
			isa = PBXGroup;
			children = (
				8555A5FE1CFB2DAB001E37D8 /* IDPObjectTests.c */,
				8555A5FF1CFB2DAB001E37D8 /* IDPObjectTests.h */,
			);
			path = IDPObjectTests;
			sourceTree = "<group>";
		};
		8555A6001CFB2DAB001E37D8 /* IDPPrintingFunctionsTests */ = {
			isa = PBXGroup;
			children = (
				8555A6011CFB2DAB001E37D8 /* IDPPrintingFunctionsTests.c */,
				8555A6021CFB2DAB001E37D8 /* IDPPrintingFunctionsTests.h */,
			);
			path = IDPPrintingFunctionsTests;
			sourceTree = "<group>";
		};
		8555A6031CFB2DAB001E37D8 /* IDPStringTests */ = {
			isa = PBXGroup;
			children = (
				8555A6041CFB2DAB001E37D8 /* IDPStringTests.c */,
				8555A6051CFB2DAB001E37D8 /* IDPStringTests.h */,
			);
			path = IDPStringTests;
			sourceTree = "<group>";
		};
		8555A6061CFB2DAB001E37D8 /* IDPStructuresTests */ = {
			isa = PBXGroup;
			children = (
				8555A6071CFB2DAB001E37D8 /* IDPStructuresTests.c */,
				8555A6081CFB2DAB001E37D8 /* IDPStructuresTests.h */,
			);
			path = IDPStructuresTests;
			sourceTree = "<group>";
		};
		8555A6091CFB2DAB001E37D8 /* IDPTypesAndRangesTests */ = {
			isa = PBXGroup;
			children = (
				8555A60A1CFB2DAB001E37D8 /* IDPTypesAndRangesTests.c */,
				8555A60B1CFB2DAB001E37D8 /* IDPTypesAndRangesTests.h */,
			);
			path = IDPTypesAndRangesTests;
			sourceTree = "<group>";
		};
		8555A62C1CFB2DB7001E37D8 /* SuperObjC */ = {
			isa = PBXGroup;
			children = (
				8555A62D1CFB2DB7001E37D8 /* SuperObjCProject */,
			);
			path = SuperObjC;
			sourceTree = "<group>";
		};
		8555A62D1CFB2DB7001E37D8 /* SuperObjCProject */ = {
			isa = PBXGroup;
			children = (
				8555A62E1CFB2DB7001E37D8 /* main.m */,
			);
			path = SuperObjCProject;
			sourceTree = "<group>";
		};
/* End PBXGroup section */

/* Begin PBXNativeTarget section */
		8550BC541CBB23B400813085 /* SuperCProject */ = {
			isa = PBXNativeTarget;
			buildConfigurationList = 8550BC5C1CBB23B400813085 /* Build configuration list for PBXNativeTarget "SuperCProject" */;
			buildPhases = (
				8550BC511CBB23B400813085 /* Sources */,
				8550BC521CBB23B400813085 /* Frameworks */,
				8550BC531CBB23B400813085 /* CopyFiles */,
			);
			buildRules = (
			);
			dependencies = (
			);
			name = SuperCProject;
			productName = SuperCProject;
			productReference = 8550BC551CBB23B400813085 /* SuperCProject */;
			productType = "com.apple.product-type.tool";
		};
		8555A5361CFB2CF1001E37D8 /* SuperObjCProject */ = {
			isa = PBXNativeTarget;
			buildConfigurationList = 8555A53B1CFB2CF1001E37D8 /* Build configuration list for PBXNativeTarget "SuperObjCProject" */;
			buildPhases = (
				8555A5331CFB2CF1001E37D8 /* Sources */,
				8555A5341CFB2CF1001E37D8 /* Frameworks */,
				8555A5351CFB2CF1001E37D8 /* CopyFiles */,
			);
			buildRules = (
			);
			dependencies = (
			);
			name = SuperObjCProject;
			productName = SuperObjCProject;
			productReference = 8555A5371CFB2CF1001E37D8 /* SuperObjCProject */;
			productType = "com.apple.product-type.tool";
		};
/* End PBXNativeTarget section */

/* Begin PBXProject section */
		8550BC4D1CBB23B400813085 /* Project object */ = {
			isa = PBXProject;
			attributes = {
				LastUpgradeCheck = 0720;
				ORGANIZATIONNAME = "Ievgen Gavrysh";
				TargetAttributes = {
					8550BC541CBB23B400813085 = {
						CreatedOnToolsVersion = 7.2;
					};
					8555A5361CFB2CF1001E37D8 = {
						CreatedOnToolsVersion = 7.2;
					};
				};
			};
			buildConfigurationList = 8550BC501CBB23B400813085 /* Build configuration list for PBXProject "SuperCProject" */;
			compatibilityVersion = "Xcode 3.2";
			developmentRegion = English;
			hasScannedForEncodings = 0;
			knownRegions = (
				en,
			);
			mainGroup = 8550BC4C1CBB23B400813085;
			productRefGroup = 8550BC561CBB23B400813085 /* Products */;
			projectDirPath = "";
			projectRoot = "";
			targets = (
				8550BC541CBB23B400813085 /* SuperCProject */,
				8555A5361CFB2CF1001E37D8 /* SuperObjCProject */,
			);
		};
/* End PBXProject section */

/* Begin PBXSourcesBuildPhase section */
		8550BC511CBB23B400813085 /* Sources */ = {
			isa = PBXSourcesBuildPhase;
			buildActionMask = 2147483647;
			files = (
				8555A6311CFB2E46001E37D8 /* IDPApplication.h in Sources */,
				8555A6321CFB2E46001E37D8 /* IDPBasicMathOperations.c in Sources */,
				8555A6331CFB2E46001E37D8 /* IDPBasicMathOperations.h in Sources */,
				8555A6341CFB2E46001E37D8 /* IDPBitOutput.c in Sources */,
				8555A6351CFB2E46001E37D8 /* IDPBitOutput.h in Sources */,
				8555A6361CFB2E46001E37D8 /* IDPBranchingAndStates.c in Sources */,
				8555A6371CFB2E46001E37D8 /* IDPBranchingAndStates.h in Sources */,
				8555A6381CFB2E46001E37D8 /* IDPCycles.c in Sources */,
				8555A6391CFB2E46001E37D8 /* IDPCycles.h in Sources */,
				8555A63A1CFB2E46001E37D8 /* IDPGenericList.c in Sources */,
				8555A63B1CFB2E46001E37D8 /* IDPGenericList.h in Sources */,
				8555A63C1CFB2E46001E37D8 /* IDPPrintReversed.c in Sources */,
				8555A63D1CFB2E46001E37D8 /* IDPPrintReversed.h in Sources */,
				8555A63E1CFB2E47001E37D8 /* IDPArray.c in Sources */,
				8555A63F1CFB2E47001E37D8 /* IDPArray.h in Sources */,
				8555A6401CFB2E47001E37D8 /* IDPAutoreleasingPool.c in Sources */,
				8555A6411CFB2E47001E37D8 /* IDPAutoreleasingPool.h in Sources */,
				8555A6421CFB2E47001E37D8 /* IDPAutoreleasingStack.c in Sources */,
				8555A6431CFB2E47001E37D8 /* IDPAutoreleasingStack.h in Sources */,
				8555A6441CFB2E47001E37D8 /* IDPAutoreleasingStackPrivate.h in Sources */,
				8555A6451CFB2E47001E37D8 /* IDPHuman.c in Sources */,
				8555A6461CFB2E47001E37D8 /* IDPHuman.h in Sources */,
				8555A6471CFB2E47001E37D8 /* IDPLinkedList.c in Sources */,
				8555A6481CFB2E47001E37D8 /* IDPLinkedList.h in Sources */,
				8555A6491CFB2E47001E37D8 /* IDPLinkedListEnumerator.c in Sources */,
				8555A64A1CFB2E47001E37D8 /* IDPLinkedListEnumerator.h in Sources */,
				8555A64B1CFB2E47001E37D8 /* IDPLinkedListEnumeratorPrivate.h in Sources */,
				8555A64C1CFB2E47001E37D8 /* IDPLinkedListNode.c in Sources */,
				8555A64D1CFB2E47001E37D8 /* IDPLinkedListNode.h in Sources */,
				8555A64E1CFB2E47001E37D8 /* IDPLinkedListPrivate.h in Sources */,
				8555A64F1CFB2E47001E37D8 /* IDPObject.c in Sources */,
				8555A6501CFB2E47001E37D8 /* IDPObject.h in Sources */,
				8555A6511CFB2E47001E37D8 /* IDPObjectMacros.h in Sources */,
				8555A6521CFB2E47001E37D8 /* IDPString.c in Sources */,
				8555A6531CFB2E47001E37D8 /* IDPString.h in Sources */,
				8555A6541CFB2E47001E37D8 /* IDPPrintingFunctions.c in Sources */,
				8555A6551CFB2E47001E37D8 /* IDPPrintingFunctions.h in Sources */,
				8555A6561CFB2E47001E37D8 /* IDPStructures.c in Sources */,
				8555A6571CFB2E47001E37D8 /* IDPStructures.h in Sources */,
				8555A6581CFB2E47001E37D8 /* IDPTypesAndRanges.c in Sources */,
				8555A6591CFB2E47001E37D8 /* IDPTypesAndRanges.h in Sources */,
				8555A65A1CFB2E47001E37D8 /* main.c in Sources */,
				8555A65B1CFB2E47001E37D8 /* IDPArrayTests.c in Sources */,
				8555A65C1CFB2E47001E37D8 /* IDPArrayTests.h in Sources */,
				8555A65D1CFB2E47001E37D8 /* IDPAutoreleasingPoolTests.c in Sources */,
				8555A65E1CFB2E47001E37D8 /* IDPAutoreleasingPoolTests.h in Sources */,
				8555A65F1CFB2E47001E37D8 /* IDPAutoreleasingStackTests.c in Sources */,
				8555A6601CFB2E47001E37D8 /* IDPAutoreleasingStackTests.h in Sources */,
				8555A6611CFB2E47001E37D8 /* IDPBitOutputTests.c in Sources */,
				8555A6621CFB2E47001E37D8 /* IDPBitOutputTests.h in Sources */,
				8555A6631CFB2E47001E37D8 /* IDPBranchingAndStatesTests.c in Sources */,
				8555A6641CFB2E47001E37D8 /* IDPBranchingAndStatesTests.h in Sources */,
				8555A6651CFB2E47001E37D8 /* IDPHumanTests.c in Sources */,
				8555A6661CFB2E47001E37D8 /* IDPHumanTests.h in Sources */,
				8555A6671CFB2E47001E37D8 /* IDPLinkedListTests.c in Sources */,
				8555A6681CFB2E47001E37D8 /* IDPLinkedListTests.h in Sources */,
				8555A6691CFB2E47001E37D8 /* IDPObjectTests.c in Sources */,
				8555A66A1CFB2E47001E37D8 /* IDPObjectTests.h in Sources */,
				8555A66B1CFB2E47001E37D8 /* IDPPrintingFunctionsTests.c in Sources */,
				8555A66C1CFB2E47001E37D8 /* IDPPrintingFunctionsTests.h in Sources */,
				8555A66D1CFB2E47001E37D8 /* IDPStringTests.c in Sources */,
				8555A66E1CFB2E47001E37D8 /* IDPStringTests.h in Sources */,
				8555A66F1CFB2E47001E37D8 /* IDPStructuresTests.c in Sources */,
				8555A6701CFB2E47001E37D8 /* IDPStructuresTests.h in Sources */,
				8555A6711CFB2E47001E37D8 /* IDPTypesAndRangesTests.c in Sources */,
				8555A6721CFB2E47001E37D8 /* IDPTypesAndRangesTests.h in Sources */,
				8555A6301CFB2DE7001E37D8 /* IDPApplication.c in Sources */,
			);
			runOnlyForDeploymentPostprocessing = 0;
		};
		8555A5331CFB2CF1001E37D8 /* Sources */ = {
			isa = PBXSourcesBuildPhase;
			buildActionMask = 2147483647;
			files = (
				8555A62F1CFB2DB7001E37D8 /* main.m in Sources */,
			);
			runOnlyForDeploymentPostprocessing = 0;
		};
/* End PBXSourcesBuildPhase section */

/* Begin XCBuildConfiguration section */
		8550BC5A1CBB23B400813085 /* Debug */ = {
			isa = XCBuildConfiguration;
			buildSettings = {
				ALWAYS_SEARCH_USER_PATHS = NO;
				CLANG_CXX_LANGUAGE_STANDARD = "gnu++0x";
				CLANG_CXX_LIBRARY = "libc++";
				CLANG_ENABLE_MODULES = YES;
				CLANG_ENABLE_OBJC_ARC = YES;
				CLANG_WARN_BOOL_CONVERSION = YES;
				CLANG_WARN_CONSTANT_CONVERSION = YES;
				CLANG_WARN_DIRECT_OBJC_ISA_USAGE = YES_ERROR;
				CLANG_WARN_EMPTY_BODY = YES;
				CLANG_WARN_ENUM_CONVERSION = YES;
				CLANG_WARN_INT_CONVERSION = YES;
				CLANG_WARN_OBJC_ROOT_CLASS = YES_ERROR;
				CLANG_WARN_UNREACHABLE_CODE = YES;
				CLANG_WARN__DUPLICATE_METHOD_MATCH = YES;
				CODE_SIGN_IDENTITY = "-";
				COPY_PHASE_STRIP = NO;
				DEBUG_INFORMATION_FORMAT = dwarf;
				ENABLE_STRICT_OBJC_MSGSEND = YES;
				ENABLE_TESTABILITY = YES;
				GCC_C_LANGUAGE_STANDARD = gnu99;
				GCC_DYNAMIC_NO_PIC = NO;
				GCC_NO_COMMON_BLOCKS = YES;
				GCC_OPTIMIZATION_LEVEL = 0;
				GCC_PREPROCESSOR_DEFINITIONS = (
					"DEBUG=1",
					"$(inherited)",
				);
				GCC_WARN_64_TO_32_BIT_CONVERSION = YES;
				GCC_WARN_ABOUT_RETURN_TYPE = YES_ERROR;
				GCC_WARN_UNDECLARED_SELECTOR = YES;
				GCC_WARN_UNINITIALIZED_AUTOS = YES_AGGRESSIVE;
				GCC_WARN_UNUSED_FUNCTION = YES;
				GCC_WARN_UNUSED_VARIABLE = YES;
				MACOSX_DEPLOYMENT_TARGET = 10.10;
				MTL_ENABLE_DEBUG_INFO = YES;
				ONLY_ACTIVE_ARCH = YES;
				SDKROOT = macosx;
			};
			name = Debug;
		};
		8550BC5B1CBB23B400813085 /* Release */ = {
			isa = XCBuildConfiguration;
			buildSettings = {
				ALWAYS_SEARCH_USER_PATHS = NO;
				CLANG_CXX_LANGUAGE_STANDARD = "gnu++0x";
				CLANG_CXX_LIBRARY = "libc++";
				CLANG_ENABLE_MODULES = YES;
				CLANG_ENABLE_OBJC_ARC = YES;
				CLANG_WARN_BOOL_CONVERSION = YES;
				CLANG_WARN_CONSTANT_CONVERSION = YES;
				CLANG_WARN_DIRECT_OBJC_ISA_USAGE = YES_ERROR;
				CLANG_WARN_EMPTY_BODY = YES;
				CLANG_WARN_ENUM_CONVERSION = YES;
				CLANG_WARN_INT_CONVERSION = YES;
				CLANG_WARN_OBJC_ROOT_CLASS = YES_ERROR;
				CLANG_WARN_UNREACHABLE_CODE = YES;
				CLANG_WARN__DUPLICATE_METHOD_MATCH = YES;
				CODE_SIGN_IDENTITY = "-";
				COPY_PHASE_STRIP = NO;
				DEBUG_INFORMATION_FORMAT = "dwarf-with-dsym";
				ENABLE_NS_ASSERTIONS = NO;
				ENABLE_STRICT_OBJC_MSGSEND = YES;
				GCC_C_LANGUAGE_STANDARD = gnu99;
				GCC_NO_COMMON_BLOCKS = YES;
				GCC_WARN_64_TO_32_BIT_CONVERSION = YES;
				GCC_WARN_ABOUT_RETURN_TYPE = YES_ERROR;
				GCC_WARN_UNDECLARED_SELECTOR = YES;
				GCC_WARN_UNINITIALIZED_AUTOS = YES_AGGRESSIVE;
				GCC_WARN_UNUSED_FUNCTION = YES;
				GCC_WARN_UNUSED_VARIABLE = YES;
				MACOSX_DEPLOYMENT_TARGET = 10.10;
				MTL_ENABLE_DEBUG_INFO = NO;
				SDKROOT = macosx;
			};
			name = Release;
		};
		8550BC5D1CBB23B400813085 /* Debug */ = {
			isa = XCBuildConfiguration;
			buildSettings = {
				PRODUCT_NAME = "$(TARGET_NAME)";
			};
			name = Debug;
		};
		8550BC5E1CBB23B400813085 /* Release */ = {
			isa = XCBuildConfiguration;
			buildSettings = {
				PRODUCT_NAME = "$(TARGET_NAME)";
			};
			name = Release;
		};
		8555A53C1CFB2CF1001E37D8 /* Debug */ = {
			isa = XCBuildConfiguration;
			buildSettings = {
				CLANG_ENABLE_OBJC_ARC = NO;
				PRODUCT_NAME = "$(TARGET_NAME)";
			};
			name = Debug;
		};
		8555A53D1CFB2CF1001E37D8 /* Release */ = {
			isa = XCBuildConfiguration;
			buildSettings = {
				CLANG_ENABLE_OBJC_ARC = NO;
				PRODUCT_NAME = "$(TARGET_NAME)";
			};
			name = Release;
		};
/* End XCBuildConfiguration section */

/* Begin XCConfigurationList section */
		8550BC501CBB23B400813085 /* Build configuration list for PBXProject "SuperCProject" */ = {
			isa = XCConfigurationList;
			buildConfigurations = (
				8550BC5A1CBB23B400813085 /* Debug */,
				8550BC5B1CBB23B400813085 /* Release */,
			);
			defaultConfigurationIsVisible = 0;
			defaultConfigurationName = Release;
		};
		8550BC5C1CBB23B400813085 /* Build configuration list for PBXNativeTarget "SuperCProject" */ = {
			isa = XCConfigurationList;
			buildConfigurations = (
				8550BC5D1CBB23B400813085 /* Debug */,
				8550BC5E1CBB23B400813085 /* Release */,
			);
			defaultConfigurationIsVisible = 0;
			defaultConfigurationName = Release;
		};
		8555A53B1CFB2CF1001E37D8 /* Build configuration list for PBXNativeTarget "SuperObjCProject" */ = {
			isa = XCConfigurationList;
			buildConfigurations = (
				8555A53C1CFB2CF1001E37D8 /* Debug */,
				8555A53D1CFB2CF1001E37D8 /* Release */,
			);
			defaultConfigurationIsVisible = 0;
		};
/* End XCConfigurationList section */
	};
	rootObject = 8550BC4D1CBB23B400813085 /* Project object */;
}
