// !$*UTF8*$!
{
	archiveVersion = 1;
	classes = {
	};
	objectVersion = 46;
	objects = {

/* Begin PBXBuildFile section */
		3E4BFFEF1CE2492B006B4C1D /* IDPLinkedListEnumerator.c in Sources */ = {isa = PBXBuildFile; fileRef = 3E4BFFED1CE2492B006B4C1D /* IDPLinkedListEnumerator.c */; };
		852AE9A81CC5E8C100CCB42A /* IDPString.c in Sources */ = {isa = PBXBuildFile; fileRef = 3EE89B2A1CC54F25006EA650 /* IDPString.c */; };
		852AE9A91CC5E8C900CCB42A /* IDPStringTests.c in Sources */ = {isa = PBXBuildFile; fileRef = 852AE9A61CC5836100CCB42A /* IDPStringTests.c */; };
		85465E161CC0395900E275F1 /* IDPApplication.c in Sources */ = {isa = PBXBuildFile; fileRef = 85465DD41CC0391E00E275F1 /* IDPApplication.c */; };
		85465E171CC0395900E275F1 /* IDPBasicMathOperations.c in Sources */ = {isa = PBXBuildFile; fileRef = 85465DD71CC0391E00E275F1 /* IDPBasicMathOperations.c */; };
		85465E181CC0395900E275F1 /* IDPBitOutput.c in Sources */ = {isa = PBXBuildFile; fileRef = 85465DDA1CC0391E00E275F1 /* IDPBitOutput.c */; };
		85465E191CC0395900E275F1 /* IDPBranchingAndStates.c in Sources */ = {isa = PBXBuildFile; fileRef = 85465DDD1CC0391E00E275F1 /* IDPBranchingAndStates.c */; };
		85465E1A1CC0395900E275F1 /* IDPCycles.c in Sources */ = {isa = PBXBuildFile; fileRef = 85465DE01CC0391E00E275F1 /* IDPCycles.c */; };
		85465E1B1CC0395900E275F1 /* IDPGenericList.c in Sources */ = {isa = PBXBuildFile; fileRef = 85465DE31CC0391E00E275F1 /* IDPGenericList.c */; };
		85465E1C1CC0395900E275F1 /* IDPPrintReversed.c in Sources */ = {isa = PBXBuildFile; fileRef = 85465DE51CC0391E00E275F1 /* IDPPrintReversed.c */; };
		85465E1E1CC0395900E275F1 /* IDPHuman.c in Sources */ = {isa = PBXBuildFile; fileRef = 85465DEC1CC0391E00E275F1 /* IDPHuman.c */; };
		85465E221CC0395900E275F1 /* IDPPrintingFunctions.c in Sources */ = {isa = PBXBuildFile; fileRef = 85465DF81CC0391E00E275F1 /* IDPPrintingFunctions.c */; };
		85465E231CC0395900E275F1 /* IDPStructures.c in Sources */ = {isa = PBXBuildFile; fileRef = 85465DFB1CC0391E00E275F1 /* IDPStructures.c */; };
		85465E241CC0395900E275F1 /* IDPTypesAndRanges.c in Sources */ = {isa = PBXBuildFile; fileRef = 85465DFE1CC0391E00E275F1 /* IDPTypesAndRanges.c */; };
		85465E251CC0395900E275F1 /* IDPBitOutputTests.c in Sources */ = {isa = PBXBuildFile; fileRef = 85465E021CC0391E00E275F1 /* IDPBitOutputTests.c */; };
		85465E261CC0395900E275F1 /* IDPBranchingAndStatesTests.c in Sources */ = {isa = PBXBuildFile; fileRef = 85465E051CC0391E00E275F1 /* IDPBranchingAndStatesTests.c */; };
		85465E271CC0395900E275F1 /* IDPHumanTests.c in Sources */ = {isa = PBXBuildFile; fileRef = 85465E081CC0391E00E275F1 /* IDPHumanTests.c */; };
		85465E291CC0395900E275F1 /* IDPPrintingFunctionsTests.c in Sources */ = {isa = PBXBuildFile; fileRef = 85465E0E1CC0391E00E275F1 /* IDPPrintingFunctionsTests.c */; };
		85465E2A1CC0395900E275F1 /* IDPStructuresTests.c in Sources */ = {isa = PBXBuildFile; fileRef = 85465E111CC0391E00E275F1 /* IDPStructuresTests.c */; };
		85465E2B1CC0395900E275F1 /* IDPTypesAndRangesTests.c in Sources */ = {isa = PBXBuildFile; fileRef = 85465E141CC0391E00E275F1 /* IDPTypesAndRangesTests.c */; };
		8550BC591CBB23B400813085 /* main.c in Sources */ = {isa = PBXBuildFile; fileRef = 8550BC581CBB23B400813085 /* main.c */; };
		858CEAF21CDAB4B400F7C461 /* IDPObjectMacros.h in Sources */ = {isa = PBXBuildFile; fileRef = 858CEAF11CDAB01900F7C461 /* IDPObjectMacros.h */; };
		858CEAF71CDABE9700F7C461 /* IDPArray.c in Sources */ = {isa = PBXBuildFile; fileRef = 858CEAF51CDABE9700F7C461 /* IDPArray.c */; };
		858F47631CDC02FD00C2D818 /* IDPLinkedListNode.c in Sources */ = {isa = PBXBuildFile; fileRef = 858F47611CDC02FD00C2D818 /* IDPLinkedListNode.c */; };
		858F47661CDC030F00C2D818 /* IDPLinkedList.c in Sources */ = {isa = PBXBuildFile; fileRef = 858F47641CDC030F00C2D818 /* IDPLinkedList.c */; };
		858F47691CDC033200C2D818 /* IDPLinkedListTests.c in Sources */ = {isa = PBXBuildFile; fileRef = 858F47671CDC033200C2D818 /* IDPLinkedListTests.c */; };
		85BE2F2E1CC15A1400E18E17 /* IDPObject.c in Sources */ = {isa = PBXBuildFile; fileRef = 85BE2F2C1CC1599500E18E17 /* IDPObject.c */; };
		85CDF5ED1CDB713F00834F90 /* IDPArrayTests.c in Sources */ = {isa = PBXBuildFile; fileRef = 85CDF5EB1CDB713F00834F90 /* IDPArrayTests.c */; };
		85EF63861CC27AC000B83957 /* IDPObjectTests.c in Sources */ = {isa = PBXBuildFile; fileRef = 85EF63841CC27AC000B83957 /* IDPObjectTests.c */; };
/* End PBXBuildFile section */

/* Begin PBXCopyFilesBuildPhase section */
		8550BC531CBB23B400813085 /* CopyFiles */ = {
			isa = PBXCopyFilesBuildPhase;
			buildActionMask = 2147483647;
			dstPath = /usr/share/man/man1/;
			dstSubfolderSpec = 0;
			files = (
			);
			runOnlyForDeploymentPostprocessing = 1;
		};
/* End PBXCopyFilesBuildPhase section */

/* Begin PBXFileReference section */
		3E4BFFED1CE2492B006B4C1D /* IDPLinkedListEnumerator.c */ = {isa = PBXFileReference; fileEncoding = 4; lastKnownFileType = sourcecode.c.c; path = IDPLinkedListEnumerator.c; sourceTree = "<group>"; };
		3E4BFFEE1CE2492B006B4C1D /* IDPLinkedListEnumerator.h */ = {isa = PBXFileReference; fileEncoding = 4; lastKnownFileType = sourcecode.c.h; path = IDPLinkedListEnumerator.h; sourceTree = "<group>"; };
		3E4BFFF01CE24C1A006B4C1D /* IDPLinkedListPrivate.h */ = {isa = PBXFileReference; lastKnownFileType = sourcecode.c.h; path = IDPLinkedListPrivate.h; sourceTree = "<group>"; };
		3EE89B2A1CC54F25006EA650 /* IDPString.c */ = {isa = PBXFileReference; lastKnownFileType = sourcecode.c.c; path = IDPString.c; sourceTree = "<group>"; };
		3EE89B2B1CC54F25006EA650 /* IDPString.h */ = {isa = PBXFileReference; lastKnownFileType = sourcecode.c.h; path = IDPString.h; sourceTree = "<group>"; };
		852AE9A31CC5833900CCB42A /* IDPStructuresTests.c */ = {isa = PBXFileReference; lastKnownFileType = sourcecode.c.c; path = IDPStructuresTests.c; sourceTree = "<group>"; };
		852AE9A41CC5833900CCB42A /* IDPStructuresTests.h */ = {isa = PBXFileReference; lastKnownFileType = sourcecode.c.h; path = IDPStructuresTests.h; sourceTree = "<group>"; };
		852AE9A61CC5836100CCB42A /* IDPStringTests.c */ = {isa = PBXFileReference; lastKnownFileType = sourcecode.c.c; path = IDPStringTests.c; sourceTree = "<group>"; };
		852AE9A71CC5836100CCB42A /* IDPStringTests.h */ = {isa = PBXFileReference; lastKnownFileType = sourcecode.c.h; path = IDPStringTests.h; sourceTree = "<group>"; };
		85465DD41CC0391E00E275F1 /* IDPApplication.c */ = {isa = PBXFileReference; lastKnownFileType = sourcecode.c.c; path = IDPApplication.c; sourceTree = "<group>"; };
		85465DD51CC0391E00E275F1 /* IDPApplication.h */ = {isa = PBXFileReference; lastKnownFileType = sourcecode.c.h; path = IDPApplication.h; sourceTree = "<group>"; };
		85465DD71CC0391E00E275F1 /* IDPBasicMathOperations.c */ = {isa = PBXFileReference; lastKnownFileType = sourcecode.c.c; path = IDPBasicMathOperations.c; sourceTree = "<group>"; };
		85465DD81CC0391E00E275F1 /* IDPBasicMathOperations.h */ = {isa = PBXFileReference; lastKnownFileType = sourcecode.c.h; path = IDPBasicMathOperations.h; sourceTree = "<group>"; };
		85465DDA1CC0391E00E275F1 /* IDPBitOutput.c */ = {isa = PBXFileReference; lastKnownFileType = sourcecode.c.c; path = IDPBitOutput.c; sourceTree = "<group>"; };
		85465DDB1CC0391E00E275F1 /* IDPBitOutput.h */ = {isa = PBXFileReference; lastKnownFileType = sourcecode.c.h; path = IDPBitOutput.h; sourceTree = "<group>"; };
		85465DDD1CC0391E00E275F1 /* IDPBranchingAndStates.c */ = {isa = PBXFileReference; lastKnownFileType = sourcecode.c.c; path = IDPBranchingAndStates.c; sourceTree = "<group>"; };
		85465DDE1CC0391E00E275F1 /* IDPBranchingAndStates.h */ = {isa = PBXFileReference; lastKnownFileType = sourcecode.c.h; path = IDPBranchingAndStates.h; sourceTree = "<group>"; };
		85465DE01CC0391E00E275F1 /* IDPCycles.c */ = {isa = PBXFileReference; lastKnownFileType = sourcecode.c.c; path = IDPCycles.c; sourceTree = "<group>"; };
		85465DE11CC0391E00E275F1 /* IDPCycles.h */ = {isa = PBXFileReference; lastKnownFileType = sourcecode.c.h; path = IDPCycles.h; sourceTree = "<group>"; };
		85465DE31CC0391E00E275F1 /* IDPGenericList.c */ = {isa = PBXFileReference; lastKnownFileType = sourcecode.c.c; path = IDPGenericList.c; sourceTree = "<group>"; };
		85465DE41CC0391E00E275F1 /* IDPGenericList.h */ = {isa = PBXFileReference; lastKnownFileType = sourcecode.c.h; path = IDPGenericList.h; sourceTree = "<group>"; };
		85465DE51CC0391E00E275F1 /* IDPPrintReversed.c */ = {isa = PBXFileReference; lastKnownFileType = sourcecode.c.c; path = IDPPrintReversed.c; sourceTree = "<group>"; };
		85465DE61CC0391E00E275F1 /* IDPPrintReversed.h */ = {isa = PBXFileReference; lastKnownFileType = sourcecode.c.h; path = IDPPrintReversed.h; sourceTree = "<group>"; };
		85465DEC1CC0391E00E275F1 /* IDPHuman.c */ = {isa = PBXFileReference; lastKnownFileType = sourcecode.c.c; path = IDPHuman.c; sourceTree = "<group>"; };
		85465DED1CC0391E00E275F1 /* IDPHuman.h */ = {isa = PBXFileReference; lastKnownFileType = sourcecode.c.h; path = IDPHuman.h; sourceTree = "<group>"; };
		85465DF81CC0391E00E275F1 /* IDPPrintingFunctions.c */ = {isa = PBXFileReference; lastKnownFileType = sourcecode.c.c; path = IDPPrintingFunctions.c; sourceTree = "<group>"; };
		85465DF91CC0391E00E275F1 /* IDPPrintingFunctions.h */ = {isa = PBXFileReference; lastKnownFileType = sourcecode.c.h; path = IDPPrintingFunctions.h; sourceTree = "<group>"; };
		85465DFB1CC0391E00E275F1 /* IDPStructures.c */ = {isa = PBXFileReference; lastKnownFileType = sourcecode.c.c; path = IDPStructures.c; sourceTree = "<group>"; };
		85465DFC1CC0391E00E275F1 /* IDPStructures.h */ = {isa = PBXFileReference; lastKnownFileType = sourcecode.c.h; path = IDPStructures.h; sourceTree = "<group>"; };
		85465DFE1CC0391E00E275F1 /* IDPTypesAndRanges.c */ = {isa = PBXFileReference; lastKnownFileType = sourcecode.c.c; path = IDPTypesAndRanges.c; sourceTree = "<group>"; };
		85465DFF1CC0391E00E275F1 /* IDPTypesAndRanges.h */ = {isa = PBXFileReference; lastKnownFileType = sourcecode.c.h; path = IDPTypesAndRanges.h; sourceTree = "<group>"; };
		85465E021CC0391E00E275F1 /* IDPBitOutputTests.c */ = {isa = PBXFileReference; lastKnownFileType = sourcecode.c.c; path = IDPBitOutputTests.c; sourceTree = "<group>"; };
		85465E031CC0391E00E275F1 /* IDPBitOutputTests.h */ = {isa = PBXFileReference; lastKnownFileType = sourcecode.c.h; path = IDPBitOutputTests.h; sourceTree = "<group>"; };
		85465E051CC0391E00E275F1 /* IDPBranchingAndStatesTests.c */ = {isa = PBXFileReference; lastKnownFileType = sourcecode.c.c; path = IDPBranchingAndStatesTests.c; sourceTree = "<group>"; };
		85465E061CC0391E00E275F1 /* IDPBranchingAndStatesTests.h */ = {isa = PBXFileReference; lastKnownFileType = sourcecode.c.h; path = IDPBranchingAndStatesTests.h; sourceTree = "<group>"; };
		85465E081CC0391E00E275F1 /* IDPHumanTests.c */ = {isa = PBXFileReference; lastKnownFileType = sourcecode.c.c; path = IDPHumanTests.c; sourceTree = "<group>"; };
		85465E091CC0391E00E275F1 /* IDPHumanTests.h */ = {isa = PBXFileReference; lastKnownFileType = sourcecode.c.h; path = IDPHumanTests.h; sourceTree = "<group>"; };
		85465E0E1CC0391E00E275F1 /* IDPPrintingFunctionsTests.c */ = {isa = PBXFileReference; lastKnownFileType = sourcecode.c.c; path = IDPPrintingFunctionsTests.c; sourceTree = "<group>"; };
		85465E0F1CC0391E00E275F1 /* IDPPrintingFunctionsTests.h */ = {isa = PBXFileReference; lastKnownFileType = sourcecode.c.h; path = IDPPrintingFunctionsTests.h; sourceTree = "<group>"; };
		85465E111CC0391E00E275F1 /* IDPStructuresTests.c */ = {isa = PBXFileReference; lastKnownFileType = sourcecode.c.c; path = IDPStructuresTests.c; sourceTree = "<group>"; };
		85465E121CC0391E00E275F1 /* IDPStructuresTests.h */ = {isa = PBXFileReference; lastKnownFileType = sourcecode.c.h; path = IDPStructuresTests.h; sourceTree = "<group>"; };
		85465E141CC0391E00E275F1 /* IDPTypesAndRangesTests.c */ = {isa = PBXFileReference; lastKnownFileType = sourcecode.c.c; path = IDPTypesAndRangesTests.c; sourceTree = "<group>"; };
		85465E151CC0391E00E275F1 /* IDPTypesAndRangesTests.h */ = {isa = PBXFileReference; lastKnownFileType = sourcecode.c.h; path = IDPTypesAndRangesTests.h; sourceTree = "<group>"; };
		8550BC551CBB23B400813085 /* SuperCProject */ = {isa = PBXFileReference; explicitFileType = "compiled.mach-o.executable"; includeInIndex = 0; path = SuperCProject; sourceTree = BUILT_PRODUCTS_DIR; };
		8550BC581CBB23B400813085 /* main.c */ = {isa = PBXFileReference; lastKnownFileType = sourcecode.c.c; path = main.c; sourceTree = "<group>"; };
		858CEAF11CDAB01900F7C461 /* IDPObjectMacros.h */ = {isa = PBXFileReference; lastKnownFileType = sourcecode.c.h; path = IDPObjectMacros.h; sourceTree = "<group>"; };
		858CEAF51CDABE9700F7C461 /* IDPArray.c */ = {isa = PBXFileReference; fileEncoding = 4; lastKnownFileType = sourcecode.c.c; path = IDPArray.c; sourceTree = "<group>"; };
		858CEAF61CDABE9700F7C461 /* IDPArray.h */ = {isa = PBXFileReference; fileEncoding = 4; lastKnownFileType = sourcecode.c.h; path = IDPArray.h; sourceTree = "<group>"; };
		858F47611CDC02FD00C2D818 /* IDPLinkedListNode.c */ = {isa = PBXFileReference; fileEncoding = 4; lastKnownFileType = sourcecode.c.c; path = IDPLinkedListNode.c; sourceTree = "<group>"; };
		858F47621CDC02FD00C2D818 /* IDPLinkedListNode.h */ = {isa = PBXFileReference; fileEncoding = 4; lastKnownFileType = sourcecode.c.h; path = IDPLinkedListNode.h; sourceTree = "<group>"; };
		858F47641CDC030F00C2D818 /* IDPLinkedList.c */ = {isa = PBXFileReference; fileEncoding = 4; lastKnownFileType = sourcecode.c.c; path = IDPLinkedList.c; sourceTree = "<group>"; };
		858F47651CDC030F00C2D818 /* IDPLinkedList.h */ = {isa = PBXFileReference; fileEncoding = 4; lastKnownFileType = sourcecode.c.h; path = IDPLinkedList.h; sourceTree = "<group>"; };
		858F47671CDC033200C2D818 /* IDPLinkedListTests.c */ = {isa = PBXFileReference; fileEncoding = 4; lastKnownFileType = sourcecode.c.c; path = IDPLinkedListTests.c; sourceTree = "<group>"; };
		858F47681CDC033200C2D818 /* IDPLinkedListTests.h */ = {isa = PBXFileReference; fileEncoding = 4; lastKnownFileType = sourcecode.c.h; path = IDPLinkedListTests.h; sourceTree = "<group>"; };
		85BE2F2C1CC1599500E18E17 /* IDPObject.c */ = {isa = PBXFileReference; lastKnownFileType = sourcecode.c.c; path = IDPObject.c; sourceTree = "<group>"; };
		85BE2F2D1CC1599500E18E17 /* IDPObject.h */ = {isa = PBXFileReference; lastKnownFileType = sourcecode.c.h; path = IDPObject.h; sourceTree = "<group>"; };
		85CDF5EB1CDB713F00834F90 /* IDPArrayTests.c */ = {isa = PBXFileReference; fileEncoding = 4; lastKnownFileType = sourcecode.c.c; path = IDPArrayTests.c; sourceTree = "<group>"; };
		85CDF5EC1CDB713F00834F90 /* IDPArrayTests.h */ = {isa = PBXFileReference; fileEncoding = 4; lastKnownFileType = sourcecode.c.h; path = IDPArrayTests.h; sourceTree = "<group>"; };
		85EF63841CC27AC000B83957 /* IDPObjectTests.c */ = {isa = PBXFileReference; fileEncoding = 4; lastKnownFileType = sourcecode.c.c; path = IDPObjectTests.c; sourceTree = "<group>"; };
		85EF63851CC27AC000B83957 /* IDPObjectTests.h */ = {isa = PBXFileReference; fileEncoding = 4; lastKnownFileType = sourcecode.c.h; path = IDPObjectTests.h; sourceTree = "<group>"; };
/* End PBXFileReference section */

/* Begin PBXFrameworksBuildPhase section */
		8550BC521CBB23B400813085 /* Frameworks */ = {
			isa = PBXFrameworksBuildPhase;
			buildActionMask = 2147483647;
			files = (
			);
			runOnlyForDeploymentPostprocessing = 0;
		};
/* End PBXFrameworksBuildPhase section */

/* Begin PBXGroup section */
		3E4BFFEC1CE2490B006B4C1D /* IDPLinkedListEnumerator */ = {
			isa = PBXGroup;
			children = (
				3E4BFFED1CE2492B006B4C1D /* IDPLinkedListEnumerator.c */,
				3E4BFFEE1CE2492B006B4C1D /* IDPLinkedListEnumerator.h */,
			);
			path = IDPLinkedListEnumerator;
			sourceTree = "<group>";
		};
		3EE89B291CC54F25006EA650 /* IDPString */ = {
			isa = PBXGroup;
			children = (
				3EE89B2A1CC54F25006EA650 /* IDPString.c */,
				3EE89B2B1CC54F25006EA650 /* IDPString.h */,
			);
			path = IDPString;
			sourceTree = "<group>";
		};
		852AE9A21CC5833900CCB42A /* IDPStructuresTests */ = {
			isa = PBXGroup;
			children = (
				852AE9A31CC5833900CCB42A /* IDPStructuresTests.c */,
				852AE9A41CC5833900CCB42A /* IDPStructuresTests.h */,
			);
			path = IDPStructuresTests;
			sourceTree = "<group>";
		};
		852AE9A51CC5836100CCB42A /* IDPStringTests */ = {
			isa = PBXGroup;
			children = (
				852AE9A61CC5836100CCB42A /* IDPStringTests.c */,
				852AE9A71CC5836100CCB42A /* IDPStringTests.h */,
			);
			path = IDPStringTests;
			sourceTree = "<group>";
		};
		85465DD21CC0391E00E275F1 /* Sources */ = {
			isa = PBXGroup;
			children = (
				85465DE71CC0391E00E275F1 /* IDPObjects */,
				85465DD61CC0391E00E275F1 /* IDPBasicMathOperations */,
				85465DD91CC0391E00E275F1 /* IDPBitOutput */,
				85465DDC1CC0391E00E275F1 /* IDPBranchingAndStates */,
				85465DDF1CC0391E00E275F1 /* IDPCycles */,
				85465DE21CC0391E00E275F1 /* IDPGenericList */,
				85465DF71CC0391E00E275F1 /* IDPPrintingFunctions */,
				85465DFA1CC0391E00E275F1 /* IDPStructures */,
				85465DFD1CC0391E00E275F1 /* IDPTypesAndRanges */,
				85465DD31CC0391E00E275F1 /* IDPApplication */,
			);
			path = Sources;
			sourceTree = "<group>";
		};
		85465DD31CC0391E00E275F1 /* IDPApplication */ = {
			isa = PBXGroup;
			children = (
				85465DD41CC0391E00E275F1 /* IDPApplication.c */,
				85465DD51CC0391E00E275F1 /* IDPApplication.h */,
			);
			path = IDPApplication;
			sourceTree = "<group>";
		};
		85465DD61CC0391E00E275F1 /* IDPBasicMathOperations */ = {
			isa = PBXGroup;
			children = (
				85465DD71CC0391E00E275F1 /* IDPBasicMathOperations.c */,
				85465DD81CC0391E00E275F1 /* IDPBasicMathOperations.h */,
			);
			path = IDPBasicMathOperations;
			sourceTree = "<group>";
		};
		85465DD91CC0391E00E275F1 /* IDPBitOutput */ = {
			isa = PBXGroup;
			children = (
				85465DDA1CC0391E00E275F1 /* IDPBitOutput.c */,
				85465DDB1CC0391E00E275F1 /* IDPBitOutput.h */,
			);
			path = IDPBitOutput;
			sourceTree = "<group>";
		};
		85465DDC1CC0391E00E275F1 /* IDPBranchingAndStates */ = {
			isa = PBXGroup;
			children = (
				85465DDD1CC0391E00E275F1 /* IDPBranchingAndStates.c */,
				85465DDE1CC0391E00E275F1 /* IDPBranchingAndStates.h */,
			);
			path = IDPBranchingAndStates;
			sourceTree = "<group>";
		};
		85465DDF1CC0391E00E275F1 /* IDPCycles */ = {
			isa = PBXGroup;
			children = (
				85465DE01CC0391E00E275F1 /* IDPCycles.c */,
				85465DE11CC0391E00E275F1 /* IDPCycles.h */,
			);
			path = IDPCycles;
			sourceTree = "<group>";
		};
		85465DE21CC0391E00E275F1 /* IDPGenericList */ = {
			isa = PBXGroup;
			children = (
				85465DE31CC0391E00E275F1 /* IDPGenericList.c */,
				85465DE41CC0391E00E275F1 /* IDPGenericList.h */,
				85465DE51CC0391E00E275F1 /* IDPPrintReversed.c */,
				85465DE61CC0391E00E275F1 /* IDPPrintReversed.h */,
			);
			path = IDPGenericList;
			sourceTree = "<group>";
		};
		85465DE71CC0391E00E275F1 /* IDPObjects */ = {
			isa = PBXGroup;
			children = (
				85BE2F2B1CC1599500E18E17 /* IDPObject */,
				3EE89B291CC54F25006EA650 /* IDPString */,
				858CEAF41CDABE8300F7C461 /* IDPArray */,
				858F475E1CDC029100C2D818 /* IDPLinkedList */,
				85465DEB1CC0391E00E275F1 /* IDPHuman */,
			);
			path = IDPObjects;
			sourceTree = "<group>";
		};
		85465DEB1CC0391E00E275F1 /* IDPHuman */ = {
			isa = PBXGroup;
			children = (
				85465DEC1CC0391E00E275F1 /* IDPHuman.c */,
				85465DED1CC0391E00E275F1 /* IDPHuman.h */,
			);
			path = IDPHuman;
			sourceTree = "<group>";
		};
		85465DF71CC0391E00E275F1 /* IDPPrintingFunctions */ = {
			isa = PBXGroup;
			children = (
				85465DF81CC0391E00E275F1 /* IDPPrintingFunctions.c */,
				85465DF91CC0391E00E275F1 /* IDPPrintingFunctions.h */,
			);
			path = IDPPrintingFunctions;
			sourceTree = "<group>";
		};
		85465DFA1CC0391E00E275F1 /* IDPStructures */ = {
			isa = PBXGroup;
			children = (
				85465DFB1CC0391E00E275F1 /* IDPStructures.c */,
				85465DFC1CC0391E00E275F1 /* IDPStructures.h */,
			);
			path = IDPStructures;
			sourceTree = "<group>";
		};
		85465DFD1CC0391E00E275F1 /* IDPTypesAndRanges */ = {
			isa = PBXGroup;
			children = (
				85465DFE1CC0391E00E275F1 /* IDPTypesAndRanges.c */,
				85465DFF1CC0391E00E275F1 /* IDPTypesAndRanges.h */,
			);
			path = IDPTypesAndRanges;
			sourceTree = "<group>";
		};
		85465E001CC0391E00E275F1 /* Tests */ = {
			isa = PBXGroup;
			children = (
				85EF63831CC27A8F00B83957 /* IDPObjectTests */,
				852AE9A51CC5836100CCB42A /* IDPStringTests */,
				858CEAF81CDABF1700F7C461 /* IDPArrayTests */,
				858F475F1CDC02B900C2D818 /* IDPLinkedListTests */,
				85465E071CC0391E00E275F1 /* IDPHumanTests */,
				852AE9A21CC5833900CCB42A /* IDPStructuresTests */,
				85465E011CC0391E00E275F1 /* IDPBitOutputTests */,
				85465E041CC0391E00E275F1 /* IDPBranchingAndStatesTests */,
				85465E0D1CC0391E00E275F1 /* IDPPrintingFunctionsTests */,
				85465E101CC0391E00E275F1 /* IDPStructuresTests */,
				85465E131CC0391E00E275F1 /* IDPTypesAndRangesTests */,
			);
			path = Tests;
			sourceTree = "<group>";
		};
		85465E011CC0391E00E275F1 /* IDPBitOutputTests */ = {
			isa = PBXGroup;
			children = (
				85465E021CC0391E00E275F1 /* IDPBitOutputTests.c */,
				85465E031CC0391E00E275F1 /* IDPBitOutputTests.h */,
			);
			path = IDPBitOutputTests;
			sourceTree = "<group>";
		};
		85465E041CC0391E00E275F1 /* IDPBranchingAndStatesTests */ = {
			isa = PBXGroup;
			children = (
				85465E051CC0391E00E275F1 /* IDPBranchingAndStatesTests.c */,
				85465E061CC0391E00E275F1 /* IDPBranchingAndStatesTests.h */,
			);
			path = IDPBranchingAndStatesTests;
			sourceTree = "<group>";
		};
		85465E071CC0391E00E275F1 /* IDPHumanTests */ = {
			isa = PBXGroup;
			children = (
				85465E081CC0391E00E275F1 /* IDPHumanTests.c */,
				85465E091CC0391E00E275F1 /* IDPHumanTests.h */,
			);
			path = IDPHumanTests;
			sourceTree = "<group>";
		};
		85465E0D1CC0391E00E275F1 /* IDPPrintingFunctionsTests */ = {
			isa = PBXGroup;
			children = (
				85465E0E1CC0391E00E275F1 /* IDPPrintingFunctionsTests.c */,
				85465E0F1CC0391E00E275F1 /* IDPPrintingFunctionsTests.h */,
			);
			path = IDPPrintingFunctionsTests;
			sourceTree = "<group>";
		};
		85465E101CC0391E00E275F1 /* IDPStructuresTests */ = {
			isa = PBXGroup;
			children = (
				85465E111CC0391E00E275F1 /* IDPStructuresTests.c */,
				85465E121CC0391E00E275F1 /* IDPStructuresTests.h */,
			);
			path = IDPStructuresTests;
			sourceTree = "<group>";
		};
		85465E131CC0391E00E275F1 /* IDPTypesAndRangesTests */ = {
			isa = PBXGroup;
			children = (
				85465E141CC0391E00E275F1 /* IDPTypesAndRangesTests.c */,
				85465E151CC0391E00E275F1 /* IDPTypesAndRangesTests.h */,
			);
			path = IDPTypesAndRangesTests;
			sourceTree = "<group>";
		};
		8550BC4C1CBB23B400813085 = {
			isa = PBXGroup;
			children = (
				85465DD21CC0391E00E275F1 /* Sources */,
				85465E001CC0391E00E275F1 /* Tests */,
				8550BC571CBB23B400813085 /* SuperCProject */,
				8550BC561CBB23B400813085 /* Products */,
			);
			sourceTree = "<group>";
		};
		8550BC561CBB23B400813085 /* Products */ = {
			isa = PBXGroup;
			children = (
				8550BC551CBB23B400813085 /* SuperCProject */,
			);
			name = Products;
			sourceTree = "<group>";
		};
		8550BC571CBB23B400813085 /* SuperCProject */ = {
			isa = PBXGroup;
			children = (
				8550BC581CBB23B400813085 /* main.c */,
			);
			path = SuperCProject;
			sourceTree = "<group>";
		};
		858CEAF41CDABE8300F7C461 /* IDPArray */ = {
			isa = PBXGroup;
			children = (
				858CEAF51CDABE9700F7C461 /* IDPArray.c */,
				858CEAF61CDABE9700F7C461 /* IDPArray.h */,
			);
			path = IDPArray;
			sourceTree = "<group>";
		};
		858CEAF81CDABF1700F7C461 /* IDPArrayTests */ = {
			isa = PBXGroup;
			children = (
				85CDF5EB1CDB713F00834F90 /* IDPArrayTests.c */,
				85CDF5EC1CDB713F00834F90 /* IDPArrayTests.h */,
			);
			path = IDPArrayTests;
			sourceTree = "<group>";
		};
		858F475E1CDC029100C2D818 /* IDPLinkedList */ = {
			isa = PBXGroup;
			children = (
				858F47601CDC02EA00C2D818 /* IDPLinkedListNode */,
				3E4BFFEC1CE2490B006B4C1D /* IDPLinkedListEnumerator */,
				858F47641CDC030F00C2D818 /* IDPLinkedList.c */,
				858F47651CDC030F00C2D818 /* IDPLinkedList.h */,
				3E4BFFF01CE24C1A006B4C1D /* IDPLinkedListPrivate.h */,
			);
			path = IDPLinkedList;
			sourceTree = "<group>";
		};
		858F475F1CDC02B900C2D818 /* IDPLinkedListTests */ = {
			isa = PBXGroup;
			children = (
				858F47671CDC033200C2D818 /* IDPLinkedListTests.c */,
				858F47681CDC033200C2D818 /* IDPLinkedListTests.h */,
			);
			path = IDPLinkedListTests;
			sourceTree = "<group>";
		};
		858F47601CDC02EA00C2D818 /* IDPLinkedListNode */ = {
			isa = PBXGroup;
			children = (
				858F47611CDC02FD00C2D818 /* IDPLinkedListNode.c */,
				858F47621CDC02FD00C2D818 /* IDPLinkedListNode.h */,
			);
			path = IDPLinkedListNode;
			sourceTree = "<group>";
		};
		85BE2F2B1CC1599500E18E17 /* IDPObject */ = {
			isa = PBXGroup;
			children = (
				85BE2F2C1CC1599500E18E17 /* IDPObject.c */,
				85BE2F2D1CC1599500E18E17 /* IDPObject.h */,
				858CEAF11CDAB01900F7C461 /* IDPObjectMacros.h */,
			);
			path = IDPObject;
			sourceTree = "<group>";
		};
		85EF63831CC27A8F00B83957 /* IDPObjectTests */ = {
			isa = PBXGroup;
			children = (
				85EF63841CC27AC000B83957 /* IDPObjectTests.c */,
				85EF63851CC27AC000B83957 /* IDPObjectTests.h */,
			);
			path = IDPObjectTests;
			sourceTree = "<group>";
		};
/* End PBXGroup section */

/* Begin PBXNativeTarget section */
		8550BC541CBB23B400813085 /* SuperCProject */ = {
			isa = PBXNativeTarget;
			buildConfigurationList = 8550BC5C1CBB23B400813085 /* Build configuration list for PBXNativeTarget "SuperCProject" */;
			buildPhases = (
				8550BC511CBB23B400813085 /* Sources */,
				8550BC521CBB23B400813085 /* Frameworks */,
				8550BC531CBB23B400813085 /* CopyFiles */,
			);
			buildRules = (
			);
			dependencies = (
			);
			name = SuperCProject;
			productName = SuperCProject;
			productReference = 8550BC551CBB23B400813085 /* SuperCProject */;
			productType = "com.apple.product-type.tool";
		};
/* End PBXNativeTarget section */

/* Begin PBXProject section */
		8550BC4D1CBB23B400813085 /* Project object */ = {
			isa = PBXProject;
			attributes = {
				LastUpgradeCheck = 0720;
				ORGANIZATIONNAME = "Ievgen Gavrysh";
				TargetAttributes = {
					8550BC541CBB23B400813085 = {
						CreatedOnToolsVersion = 7.2;
					};
				};
			};
			buildConfigurationList = 8550BC501CBB23B400813085 /* Build configuration list for PBXProject "SuperCProject" */;
			compatibilityVersion = "Xcode 3.2";
			developmentRegion = English;
			hasScannedForEncodings = 0;
			knownRegions = (
				en,
			);
			mainGroup = 8550BC4C1CBB23B400813085;
			productRefGroup = 8550BC561CBB23B400813085 /* Products */;
			projectDirPath = "";
			projectRoot = "";
			targets = (
				8550BC541CBB23B400813085 /* SuperCProject */,
			);
		};
/* End PBXProject section */

/* Begin PBXSourcesBuildPhase section */
		8550BC511CBB23B400813085 /* Sources */ = {
			isa = PBXSourcesBuildPhase;
			buildActionMask = 2147483647;
			files = (
				85465E2A1CC0395900E275F1 /* IDPStructuresTests.c in Sources */,
				858CEAF21CDAB4B400F7C461 /* IDPObjectMacros.h in Sources */,
				852AE9A91CC5E8C900CCB42A /* IDPStringTests.c in Sources */,
				852AE9A81CC5E8C100CCB42A /* IDPString.c in Sources */,
				85BE2F2E1CC15A1400E18E17 /* IDPObject.c in Sources */,
				85465E161CC0395900E275F1 /* IDPApplication.c in Sources */,
				85465E171CC0395900E275F1 /* IDPBasicMathOperations.c in Sources */,
				85465E181CC0395900E275F1 /* IDPBitOutput.c in Sources */,
				858F47661CDC030F00C2D818 /* IDPLinkedList.c in Sources */,
				85465E191CC0395900E275F1 /* IDPBranchingAndStates.c in Sources */,
				85465E1A1CC0395900E275F1 /* IDPCycles.c in Sources */,
				85465E1B1CC0395900E275F1 /* IDPGenericList.c in Sources */,
				85465E1C1CC0395900E275F1 /* IDPPrintReversed.c in Sources */,
				85465E1E1CC0395900E275F1 /* IDPHuman.c in Sources */,
				3E4BFFEF1CE2492B006B4C1D /* IDPLinkedListEnumerator.c in Sources */,
				85465E221CC0395900E275F1 /* IDPPrintingFunctions.c in Sources */,
				85465E231CC0395900E275F1 /* IDPStructures.c in Sources */,
				858F47691CDC033200C2D818 /* IDPLinkedListTests.c in Sources */,
				858CEAF71CDABE9700F7C461 /* IDPArray.c in Sources */,
				85465E241CC0395900E275F1 /* IDPTypesAndRanges.c in Sources */,
				85CDF5ED1CDB713F00834F90 /* IDPArrayTests.c in Sources */,
				858F47631CDC02FD00C2D818 /* IDPLinkedListNode.c in Sources */,
				85465E251CC0395900E275F1 /* IDPBitOutputTests.c in Sources */,
				85465E261CC0395900E275F1 /* IDPBranchingAndStatesTests.c in Sources */,
				85465E271CC0395900E275F1 /* IDPHumanTests.c in Sources */,
				85465E291CC0395900E275F1 /* IDPPrintingFunctionsTests.c in Sources */,
				85EF63861CC27AC000B83957 /* IDPObjectTests.c in Sources */,
				85465E2B1CC0395900E275F1 /* IDPTypesAndRangesTests.c in Sources */,
				8550BC591CBB23B400813085 /* main.c in Sources */,
			);
			runOnlyForDeploymentPostprocessing = 0;
		};
/* End PBXSourcesBuildPhase section */

/* Begin XCBuildConfiguration section */
		8550BC5A1CBB23B400813085 /* Debug */ = {
			isa = XCBuildConfiguration;
			buildSettings = {
				ALWAYS_SEARCH_USER_PATHS = NO;
				CLANG_CXX_LANGUAGE_STANDARD = "gnu++0x";
				CLANG_CXX_LIBRARY = "libc++";
				CLANG_ENABLE_MODULES = YES;
				CLANG_ENABLE_OBJC_ARC = YES;
				CLANG_WARN_BOOL_CONVERSION = YES;
				CLANG_WARN_CONSTANT_CONVERSION = YES;
				CLANG_WARN_DIRECT_OBJC_ISA_USAGE = YES_ERROR;
				CLANG_WARN_EMPTY_BODY = YES;
				CLANG_WARN_ENUM_CONVERSION = YES;
				CLANG_WARN_INT_CONVERSION = YES;
				CLANG_WARN_OBJC_ROOT_CLASS = YES_ERROR;
				CLANG_WARN_UNREACHABLE_CODE = YES;
				CLANG_WARN__DUPLICATE_METHOD_MATCH = YES;
				CODE_SIGN_IDENTITY = "-";
				COPY_PHASE_STRIP = NO;
				DEBUG_INFORMATION_FORMAT = dwarf;
				ENABLE_STRICT_OBJC_MSGSEND = YES;
				ENABLE_TESTABILITY = YES;
				GCC_C_LANGUAGE_STANDARD = gnu99;
				GCC_DYNAMIC_NO_PIC = NO;
				GCC_NO_COMMON_BLOCKS = YES;
				GCC_OPTIMIZATION_LEVEL = 0;
				GCC_PREPROCESSOR_DEFINITIONS = (
					"DEBUG=1",
					"$(inherited)",
				);
				GCC_WARN_64_TO_32_BIT_CONVERSION = YES;
				GCC_WARN_ABOUT_RETURN_TYPE = YES_ERROR;
				GCC_WARN_UNDECLARED_SELECTOR = YES;
				GCC_WARN_UNINITIALIZED_AUTOS = YES_AGGRESSIVE;
				GCC_WARN_UNUSED_FUNCTION = YES;
				GCC_WARN_UNUSED_VARIABLE = YES;
				MACOSX_DEPLOYMENT_TARGET = 10.10;
				MTL_ENABLE_DEBUG_INFO = YES;
				ONLY_ACTIVE_ARCH = YES;
				SDKROOT = macosx;
			};
			name = Debug;
		};
		8550BC5B1CBB23B400813085 /* Release */ = {
			isa = XCBuildConfiguration;
			buildSettings = {
				ALWAYS_SEARCH_USER_PATHS = NO;
				CLANG_CXX_LANGUAGE_STANDARD = "gnu++0x";
				CLANG_CXX_LIBRARY = "libc++";
				CLANG_ENABLE_MODULES = YES;
				CLANG_ENABLE_OBJC_ARC = YES;
				CLANG_WARN_BOOL_CONVERSION = YES;
				CLANG_WARN_CONSTANT_CONVERSION = YES;
				CLANG_WARN_DIRECT_OBJC_ISA_USAGE = YES_ERROR;
				CLANG_WARN_EMPTY_BODY = YES;
				CLANG_WARN_ENUM_CONVERSION = YES;
				CLANG_WARN_INT_CONVERSION = YES;
				CLANG_WARN_OBJC_ROOT_CLASS = YES_ERROR;
				CLANG_WARN_UNREACHABLE_CODE = YES;
				CLANG_WARN__DUPLICATE_METHOD_MATCH = YES;
				CODE_SIGN_IDENTITY = "-";
				COPY_PHASE_STRIP = NO;
				DEBUG_INFORMATION_FORMAT = "dwarf-with-dsym";
				ENABLE_NS_ASSERTIONS = NO;
				ENABLE_STRICT_OBJC_MSGSEND = YES;
				GCC_C_LANGUAGE_STANDARD = gnu99;
				GCC_NO_COMMON_BLOCKS = YES;
				GCC_WARN_64_TO_32_BIT_CONVERSION = YES;
				GCC_WARN_ABOUT_RETURN_TYPE = YES_ERROR;
				GCC_WARN_UNDECLARED_SELECTOR = YES;
				GCC_WARN_UNINITIALIZED_AUTOS = YES_AGGRESSIVE;
				GCC_WARN_UNUSED_FUNCTION = YES;
				GCC_WARN_UNUSED_VARIABLE = YES;
				MACOSX_DEPLOYMENT_TARGET = 10.10;
				MTL_ENABLE_DEBUG_INFO = NO;
				SDKROOT = macosx;
			};
			name = Release;
		};
		8550BC5D1CBB23B400813085 /* Debug */ = {
			isa = XCBuildConfiguration;
			buildSettings = {
				PRODUCT_NAME = "$(TARGET_NAME)";
			};
			name = Debug;
		};
		8550BC5E1CBB23B400813085 /* Release */ = {
			isa = XCBuildConfiguration;
			buildSettings = {
				PRODUCT_NAME = "$(TARGET_NAME)";
			};
			name = Release;
		};
/* End XCBuildConfiguration section */

/* Begin XCConfigurationList section */
		8550BC501CBB23B400813085 /* Build configuration list for PBXProject "SuperCProject" */ = {
			isa = XCConfigurationList;
			buildConfigurations = (
				8550BC5A1CBB23B400813085 /* Debug */,
				8550BC5B1CBB23B400813085 /* Release */,
			);
			defaultConfigurationIsVisible = 0;
			defaultConfigurationName = Release;
		};
		8550BC5C1CBB23B400813085 /* Build configuration list for PBXNativeTarget "SuperCProject" */ = {
			isa = XCConfigurationList;
			buildConfigurations = (
				8550BC5D1CBB23B400813085 /* Debug */,
				8550BC5E1CBB23B400813085 /* Release */,
			);
			defaultConfigurationIsVisible = 0;
			defaultConfigurationName = Release;
		};
/* End XCConfigurationList section */
	};
	rootObject = 8550BC4D1CBB23B400813085 /* Project object */;
}
