// !$*UTF8*$!
{
	archiveVersion = 1;
	classes = {
	};
	objectVersion = 46;
	objects = {

/* Begin PBXBuildFile section */
		3EBEE5EF1CB2D7830053546C /* main.c in Sources */ = {isa = PBXBuildFile; fileRef = 3EBEE5EE1CB2D7830053546C /* main.c */; };
		3EBEE5F71CB2DEF50053546C /* IDPPrintingFunctions.c in Sources */ = {isa = PBXBuildFile; fileRef = 3EBEE5F51CB2DEF50053546C /* IDPPrintingFunctions.c */; };
		850B6D451CB5984B006740E5 /* IDPPrintReversed.c in Sources */ = {isa = PBXBuildFile; fileRef = 850B6D431CB5984B006740E5 /* IDPPrintReversed.c */; };
		8560775E1CB815ED00816F53 /* IDPPrintRange.c in Sources */ = {isa = PBXBuildFile; fileRef = 8560775D1CB815ED00816F53 /* IDPPrintRange.c */; };
		85D7791C1CB704AB00229064 /* IDPApplication.c in Sources */ = {isa = PBXBuildFile; fileRef = 85D7791A1CB704AB00229064 /* IDPApplication.c */; };
		85D7791E1CB74C4800229064 /* IDPGenericList.c in Sources */ = {isa = PBXBuildFile; fileRef = 85D7791D1CB74C4800229064 /* IDPGenericList.c */; };
		85E3BDEF1CB47EB80047C88D /* IDPBranchingAndStates.c in Sources */ = {isa = PBXBuildFile; fileRef = 85E3BDED1CB47EB80047C88D /* IDPBranchingAndStates.c */; };
/* End PBXBuildFile section */

/* Begin PBXCopyFilesBuildPhase section */
		3EBEE5E91CB2D7820053546C /* CopyFiles */ = {
			isa = PBXCopyFilesBuildPhase;
			buildActionMask = 2147483647;
			dstPath = /usr/share/man/man1/;
			dstSubfolderSpec = 0;
			files = (
			);
			runOnlyForDeploymentPostprocessing = 1;
		};
/* End PBXCopyFilesBuildPhase section */

/* Begin PBXFileReference section */
		3EBEE5EB1CB2D7830053546C /* SuperCProject */ = {isa = PBXFileReference; explicitFileType = "compiled.mach-o.executable"; includeInIndex = 0; path = SuperCProject; sourceTree = BUILT_PRODUCTS_DIR; };
		3EBEE5EE1CB2D7830053546C /* main.c */ = {isa = PBXFileReference; lastKnownFileType = sourcecode.c.c; path = main.c; sourceTree = "<group>"; };
		3EBEE5F51CB2DEF50053546C /* IDPPrintingFunctions.c */ = {isa = PBXFileReference; fileEncoding = 4; lastKnownFileType = sourcecode.c.c; path = IDPPrintingFunctions.c; sourceTree = "<group>"; };
		3EBEE5F61CB2DEF50053546C /* IDPPrintingFunctions.h */ = {isa = PBXFileReference; fileEncoding = 4; lastKnownFileType = sourcecode.c.h; path = IDPPrintingFunctions.h; sourceTree = "<group>"; };
		850B6D431CB5984B006740E5 /* IDPPrintReversed.c */ = {isa = PBXFileReference; fileEncoding = 4; lastKnownFileType = sourcecode.c.c; path = IDPPrintReversed.c; sourceTree = "<group>"; };
		850B6D441CB5984B006740E5 /* IDPPrintReversed.h */ = {isa = PBXFileReference; fileEncoding = 4; lastKnownFileType = sourcecode.c.h; path = IDPPrintReversed.h; sourceTree = "<group>"; };
		850B6D471CB5A311006740E5 /* IDPGenericList.h */ = {isa = PBXFileReference; fileEncoding = 4; lastKnownFileType = sourcecode.c.h; path = IDPGenericList.h; sourceTree = "<group>"; };
		850B6D4A1CB5D962006740E5 /* IDPPrintRange.h */ = {isa = PBXFileReference; fileEncoding = 4; lastKnownFileType = sourcecode.c.h; path = IDPPrintRange.h; sourceTree = "<group>"; };
		8560775D1CB815ED00816F53 /* IDPPrintRange.c */ = {isa = PBXFileReference; fileEncoding = 4; lastKnownFileType = sourcecode.c.c; path = IDPPrintRange.c; sourceTree = "<group>"; };
		85D7791A1CB704AB00229064 /* IDPApplication.c */ = {isa = PBXFileReference; fileEncoding = 4; lastKnownFileType = sourcecode.c.c; path = IDPApplication.c; sourceTree = "<group>"; };
		85D7791B1CB704AB00229064 /* IDPApplication.h */ = {isa = PBXFileReference; fileEncoding = 4; lastKnownFileType = sourcecode.c.h; path = IDPApplication.h; sourceTree = "<group>"; };
		85D7791D1CB74C4800229064 /* IDPGenericList.c */ = {isa = PBXFileReference; fileEncoding = 4; lastKnownFileType = sourcecode.c.c; path = IDPGenericList.c; sourceTree = "<group>"; };
		85E3BDED1CB47EB80047C88D /* IDPBranchingAndStates.c */ = {isa = PBXFileReference; fileEncoding = 4; lastKnownFileType = sourcecode.c.c; path = IDPBranchingAndStates.c; sourceTree = "<group>"; };
		85E3BDEE1CB47EB80047C88D /* IDPBranchingAndStates.h */ = {isa = PBXFileReference; fileEncoding = 4; lastKnownFileType = sourcecode.c.h; path = IDPBranchingAndStates.h; sourceTree = "<group>"; };
/* End PBXFileReference section */

/* Begin PBXFrameworksBuildPhase section */
		3EBEE5E81CB2D7820053546C /* Frameworks */ = {
			isa = PBXFrameworksBuildPhase;
			buildActionMask = 2147483647;
			files = (
			);
			runOnlyForDeploymentPostprocessing = 0;
		};
/* End PBXFrameworksBuildPhase section */

/* Begin PBXGroup section */
		3EBEE5E21CB2D7820053546C = {
			isa = PBXGroup;
			children = (
				3EBEE5F81CB2DF030053546C /* Sources */,
				3EBEE5ED1CB2D7830053546C /* SuperCProject */,
				3EBEE5EC1CB2D7830053546C /* Products */,
			);
			sourceTree = "<group>";
		};
		3EBEE5EC1CB2D7830053546C /* Products */ = {
			isa = PBXGroup;
			children = (
				3EBEE5EB1CB2D7830053546C /* SuperCProject */,
			);
			name = Products;
			sourceTree = "<group>";
		};
		3EBEE5ED1CB2D7830053546C /* SuperCProject */ = {
			isa = PBXGroup;
			children = (
				3EBEE5EE1CB2D7830053546C /* main.c */,
			);
			path = SuperCProject;
			sourceTree = "<group>";
		};
		3EBEE5F81CB2DF030053546C /* Sources */ = {
			isa = PBXGroup;
			children = (
				3EBEE5F61CB2DEF50053546C /* IDPPrintingFunctions.h */,
				3EBEE5F51CB2DEF50053546C /* IDPPrintingFunctions.c */,
				85E3BDEE1CB47EB80047C88D /* IDPBranchingAndStates.h */,
				85E3BDED1CB47EB80047C88D /* IDPBranchingAndStates.c */,
				850B6D441CB5984B006740E5 /* IDPPrintReversed.h */,
				850B6D431CB5984B006740E5 /* IDPPrintReversed.c */,
				850B6D471CB5A311006740E5 /* IDPGenericList.h */,
				85D7791D1CB74C4800229064 /* IDPGenericList.c */,
				850B6D4A1CB5D962006740E5 /* IDPPrintRange.h */,
				8560775D1CB815ED00816F53 /* IDPPrintRange.c */,
				85D7791B1CB704AB00229064 /* IDPApplication.h */,
				85D7791A1CB704AB00229064 /* IDPApplication.c */,
			);
			name = Sources;
			path = SuperCProject;
			sourceTree = "<group>";
		};
/* End PBXGroup section */

/* Begin PBXNativeTarget section */
		3EBEE5EA1CB2D7820053546C /* SuperCProject */ = {
			isa = PBXNativeTarget;
			buildConfigurationList = 3EBEE5F21CB2D7830053546C /* Build configuration list for PBXNativeTarget "SuperCProject" */;
			buildPhases = (
				3EBEE5E71CB2D7820053546C /* Sources */,
				3EBEE5E81CB2D7820053546C /* Frameworks */,
				3EBEE5E91CB2D7820053546C /* CopyFiles */,
			);
			buildRules = (
			);
			dependencies = (
			);
			name = SuperCProject;
			productName = SuperCProject;
			productReference = 3EBEE5EB1CB2D7830053546C /* SuperCProject */;
			productType = "com.apple.product-type.tool";
		};
/* End PBXNativeTarget section */

/* Begin PBXProject section */
		3EBEE5E31CB2D7820053546C /* Project object */ = {
			isa = PBXProject;
			attributes = {
				LastUpgradeCheck = 0610;
				ORGANIZATIONNAME = 1milliondollarsstartup;
				TargetAttributes = {
					3EBEE5EA1CB2D7820053546C = {
						CreatedOnToolsVersion = 6.1.1;
					};
				};
			};
			buildConfigurationList = 3EBEE5E61CB2D7820053546C /* Build configuration list for PBXProject "SuperCProject" */;
			compatibilityVersion = "Xcode 3.2";
			developmentRegion = English;
			hasScannedForEncodings = 0;
			knownRegions = (
				en,
			);
			mainGroup = 3EBEE5E21CB2D7820053546C;
			productRefGroup = 3EBEE5EC1CB2D7830053546C /* Products */;
			projectDirPath = "";
			projectRoot = "";
			targets = (
				3EBEE5EA1CB2D7820053546C /* SuperCProject */,
			);
		};
/* End PBXProject section */

/* Begin PBXSourcesBuildPhase section */
		3EBEE5E71CB2D7820053546C /* Sources */ = {
			isa = PBXSourcesBuildPhase;
			buildActionMask = 2147483647;
			files = (
				85D7791C1CB704AB00229064 /* IDPApplication.c in Sources */,
				8560775E1CB815ED00816F53 /* IDPPrintRange.c in Sources */,
				85D7791E1CB74C4800229064 /* IDPGenericList.c in Sources */,
				3EBEE5F71CB2DEF50053546C /* IDPPrintingFunctions.c in Sources */,
				850B6D451CB5984B006740E5 /* IDPPrintReversed.c in Sources */,
				3EBEE5EF1CB2D7830053546C /* main.c in Sources */,
				85E3BDEF1CB47EB80047C88D /* IDPBranchingAndStates.c in Sources */,
			);
			runOnlyForDeploymentPostprocessing = 0;
		};
/* End PBXSourcesBuildPhase section */

/* Begin XCBuildConfiguration section */
		3EBEE5F01CB2D7830053546C /* Debug */ = {
			isa = XCBuildConfiguration;
			buildSettings = {
				ALWAYS_SEARCH_USER_PATHS = NO;
				CLANG_CXX_LANGUAGE_STANDARD = "gnu++0x";
				CLANG_CXX_LIBRARY = "libc++";
				CLANG_ENABLE_MODULES = YES;
				CLANG_ENABLE_OBJC_ARC = YES;
				CLANG_WARN_BOOL_CONVERSION = YES;
				CLANG_WARN_CONSTANT_CONVERSION = YES;
				CLANG_WARN_DIRECT_OBJC_ISA_USAGE = YES_ERROR;
				CLANG_WARN_EMPTY_BODY = YES;
				CLANG_WARN_ENUM_CONVERSION = YES;
				CLANG_WARN_INT_CONVERSION = YES;
				CLANG_WARN_OBJC_ROOT_CLASS = YES_ERROR;
				CLANG_WARN_UNREACHABLE_CODE = YES;
				CLANG_WARN__DUPLICATE_METHOD_MATCH = YES;
				COPY_PHASE_STRIP = NO;
				ENABLE_STRICT_OBJC_MSGSEND = YES;
				GCC_C_LANGUAGE_STANDARD = gnu99;
				GCC_DYNAMIC_NO_PIC = NO;
				GCC_OPTIMIZATION_LEVEL = 0;
				GCC_PREPROCESSOR_DEFINITIONS = (
					"DEBUG=1",
					"$(inherited)",
				);
				GCC_SYMBOLS_PRIVATE_EXTERN = NO;
				GCC_WARN_64_TO_32_BIT_CONVERSION = YES;
				GCC_WARN_ABOUT_RETURN_TYPE = YES_ERROR;
				GCC_WARN_UNDECLARED_SELECTOR = YES;
				GCC_WARN_UNINITIALIZED_AUTOS = YES_AGGRESSIVE;
				GCC_WARN_UNUSED_FUNCTION = YES;
				GCC_WARN_UNUSED_VARIABLE = YES;
				MACOSX_DEPLOYMENT_TARGET = 10.10;
				MTL_ENABLE_DEBUG_INFO = YES;
				ONLY_ACTIVE_ARCH = YES;
				SDKROOT = macosx;
			};
			name = Debug;
		};
		3EBEE5F11CB2D7830053546C /* Release */ = {
			isa = XCBuildConfiguration;
			buildSettings = {
				ALWAYS_SEARCH_USER_PATHS = NO;
				CLANG_CXX_LANGUAGE_STANDARD = "gnu++0x";
				CLANG_CXX_LIBRARY = "libc++";
				CLANG_ENABLE_MODULES = YES;
				CLANG_ENABLE_OBJC_ARC = YES;
				CLANG_WARN_BOOL_CONVERSION = YES;
				CLANG_WARN_CONSTANT_CONVERSION = YES;
				CLANG_WARN_DIRECT_OBJC_ISA_USAGE = YES_ERROR;
				CLANG_WARN_EMPTY_BODY = YES;
				CLANG_WARN_ENUM_CONVERSION = YES;
				CLANG_WARN_INT_CONVERSION = YES;
				CLANG_WARN_OBJC_ROOT_CLASS = YES_ERROR;
				CLANG_WARN_UNREACHABLE_CODE = YES;
				CLANG_WARN__DUPLICATE_METHOD_MATCH = YES;
				COPY_PHASE_STRIP = YES;
				DEBUG_INFORMATION_FORMAT = "dwarf-with-dsym";
				ENABLE_NS_ASSERTIONS = NO;
				ENABLE_STRICT_OBJC_MSGSEND = YES;
				GCC_C_LANGUAGE_STANDARD = gnu99;
				GCC_WARN_64_TO_32_BIT_CONVERSION = YES;
				GCC_WARN_ABOUT_RETURN_TYPE = YES_ERROR;
				GCC_WARN_UNDECLARED_SELECTOR = YES;
				GCC_WARN_UNINITIALIZED_AUTOS = YES_AGGRESSIVE;
				GCC_WARN_UNUSED_FUNCTION = YES;
				GCC_WARN_UNUSED_VARIABLE = YES;
				MACOSX_DEPLOYMENT_TARGET = 10.10;
				MTL_ENABLE_DEBUG_INFO = NO;
				SDKROOT = macosx;
			};
			name = Release;
		};
		3EBEE5F31CB2D7830053546C /* Debug */ = {
			isa = XCBuildConfiguration;
			buildSettings = {
				PRODUCT_NAME = "$(TARGET_NAME)";
			};
			name = Debug;
		};
		3EBEE5F41CB2D7830053546C /* Release */ = {
			isa = XCBuildConfiguration;
			buildSettings = {
				PRODUCT_NAME = "$(TARGET_NAME)";
			};
			name = Release;
		};
/* End XCBuildConfiguration section */

/* Begin XCConfigurationList section */
		3EBEE5E61CB2D7820053546C /* Build configuration list for PBXProject "SuperCProject" */ = {
			isa = XCConfigurationList;
			buildConfigurations = (
				3EBEE5F01CB2D7830053546C /* Debug */,
				3EBEE5F11CB2D7830053546C /* Release */,
			);
			defaultConfigurationIsVisible = 0;
			defaultConfigurationName = Release;
		};
		3EBEE5F21CB2D7830053546C /* Build configuration list for PBXNativeTarget "SuperCProject" */ = {
			isa = XCConfigurationList;
			buildConfigurations = (
				3EBEE5F31CB2D7830053546C /* Debug */,
				3EBEE5F41CB2D7830053546C /* Release */,
			);
			defaultConfigurationIsVisible = 0;
			defaultConfigurationName = Release;
		};
/* End XCConfigurationList section */
	};
	rootObject = 3EBEE5E31CB2D7820053546C /* Project object */;
}
